// !$*UTF8*$!
{
	archiveVersion = 1;
	classes = {
	};
	objectVersion = 56;
	objects = {

/* Begin PBXBuildFile section */
		1D3021B52B0865D7006F8939 /* AddSheetView.swift in Sources */ = {isa = PBXBuildFile; fileRef = 1D3021B42B0865D7006F8939 /* AddSheetView.swift */; };
		1DAD4DB32B0721A90069572A /* AvatarView.swift in Sources */ = {isa = PBXBuildFile; fileRef = 1DAD4DB22B0721A90069572A /* AvatarView.swift */; };
		90AEEF202AA5718F00E28133 /* trs_AppApp.swift in Sources */ = {isa = PBXBuildFile; fileRef = 90AEEF1F2AA5718F00E28133 /* trs_AppApp.swift */; };
		90AEEF222AA5718F00E28133 /* ContentView.swift in Sources */ = {isa = PBXBuildFile; fileRef = 90AEEF212AA5718F00E28133 /* ContentView.swift */; };
		90AEEF242AA5719000E28133 /* Assets.xcassets in Resources */ = {isa = PBXBuildFile; fileRef = 90AEEF232AA5719000E28133 /* Assets.xcassets */; };
		90AEEF272AA5719000E28133 /* Preview Assets.xcassets in Resources */ = {isa = PBXBuildFile; fileRef = 90AEEF262AA5719000E28133 /* Preview Assets.xcassets */; };
		90B0A1E42B071D7A0001C32F /* SwiftPersistence in Frameworks */ = {isa = PBXBuildFile; productRef = 90B0A1E32B071D7A0001C32F /* SwiftPersistence */; };
		90B0A1E62B0845BC0001C32F /* TipsView.swift in Sources */ = {isa = PBXBuildFile; fileRef = 90B0A1E52B0845BC0001C32F /* TipsView.swift */; };
		F33E68BC2B086E7F00DED94F /* CredentialInformationView.swift in Sources */ = {isa = PBXBuildFile; fileRef = F33E68BB2B086E7F00DED94F /* CredentialInformationView.swift */; };
		F36CA2812B06712B0097620C /* PortfolioView.swift in Sources */ = {isa = PBXBuildFile; fileRef = F36CA2802B06712B0097620C /* PortfolioView.swift */; };
		F36CA2832B0674EE0097620C /* ScheduleView.swift in Sources */ = {isa = PBXBuildFile; fileRef = F36CA2822B0674EE0097620C /* ScheduleView.swift */; };
		F36CA2852B0675100097620C /* SettingsView.swift in Sources */ = {isa = PBXBuildFile; fileRef = F36CA2842B0675100097620C /* SettingsView.swift */; };
		F36CA28D2B06834D0097620C /* FilterButtons.swift in Sources */ = {isa = PBXBuildFile; fileRef = F36CA28C2B06834D0097620C /* FilterButtons.swift */; };
		F36CA28F2B0683B30097620C /* CategoriesView.swift in Sources */ = {isa = PBXBuildFile; fileRef = F36CA28E2B0683B30097620C /* CategoriesView.swift */; };
		F36CA2912B06F6410097620C /* Color+Hex.swift in Sources */ = {isa = PBXBuildFile; fileRef = F36CA2902B06F6410097620C /* Color+Hex.swift */; };
		F36CA2932B06F8D70097620C /* FilterManager.swift in Sources */ = {isa = PBXBuildFile; fileRef = F36CA2922B06F8D70097620C /* FilterManager.swift */; };
		F36CA2962B06FBBF0097620C /* NewCredentialsView.swift in Sources */ = {isa = PBXBuildFile; fileRef = F36CA2952B06FBBF0097620C /* NewCredentialsView.swift */; };
		F36CA2982B0709160097620C /* CredentialsManager.swift in Sources */ = {isa = PBXBuildFile; fileRef = F36CA2972B0709160097620C /* CredentialsManager.swift */; };
		F3C6EDED2B0AF2CA002D32F7 /* FirebaseAnalytics in Frameworks */ = {isa = PBXBuildFile; productRef = F3C6EDEC2B0AF2CA002D32F7 /* FirebaseAnalytics */; };
		F3C6EDEF2B0AF2CA002D32F7 /* FirebaseAnalyticsOnDeviceConversion in Frameworks */ = {isa = PBXBuildFile; productRef = F3C6EDEE2B0AF2CA002D32F7 /* FirebaseAnalyticsOnDeviceConversion */; };
		F3C6EDF12B0AF2CA002D32F7 /* FirebaseAnalyticsSwift in Frameworks */ = {isa = PBXBuildFile; productRef = F3C6EDF02B0AF2CA002D32F7 /* FirebaseAnalyticsSwift */; };
		F3C6EDF32B0AF2CA002D32F7 /* FirebaseAnalyticsWithoutAdIdSupport in Frameworks */ = {isa = PBXBuildFile; productRef = F3C6EDF22B0AF2CA002D32F7 /* FirebaseAnalyticsWithoutAdIdSupport */; };
		F3C6EDF52B0AF2CA002D32F7 /* FirebaseAppCheck in Frameworks */ = {isa = PBXBuildFile; productRef = F3C6EDF42B0AF2CA002D32F7 /* FirebaseAppCheck */; };
		F3C6EDF72B0AF2CA002D32F7 /* FirebaseAppDistribution-Beta in Frameworks */ = {isa = PBXBuildFile; productRef = F3C6EDF62B0AF2CA002D32F7 /* FirebaseAppDistribution-Beta */; };
		F3C6EDF92B0AF2CA002D32F7 /* FirebaseAuth in Frameworks */ = {isa = PBXBuildFile; productRef = F3C6EDF82B0AF2CA002D32F7 /* FirebaseAuth */; };
		F3C6EDFB2B0AF2CA002D32F7 /* FirebaseAuthCombine-Community in Frameworks */ = {isa = PBXBuildFile; productRef = F3C6EDFA2B0AF2CA002D32F7 /* FirebaseAuthCombine-Community */; };
		F3C6EDFD2B0AF2CA002D32F7 /* FirebaseCrashlytics in Frameworks */ = {isa = PBXBuildFile; productRef = F3C6EDFC2B0AF2CA002D32F7 /* FirebaseCrashlytics */; };
		F3C6EDFF2B0AF2CA002D32F7 /* FirebaseDatabase in Frameworks */ = {isa = PBXBuildFile; productRef = F3C6EDFE2B0AF2CA002D32F7 /* FirebaseDatabase */; };
		F3C6EE012B0AF2CA002D32F7 /* FirebaseDatabaseSwift in Frameworks */ = {isa = PBXBuildFile; productRef = F3C6EE002B0AF2CA002D32F7 /* FirebaseDatabaseSwift */; };
		F3C6EE032B0AF2CA002D32F7 /* FirebaseDynamicLinks in Frameworks */ = {isa = PBXBuildFile; productRef = F3C6EE022B0AF2CA002D32F7 /* FirebaseDynamicLinks */; };
		F3C6EE052B0AF2CA002D32F7 /* FirebaseFirestore in Frameworks */ = {isa = PBXBuildFile; productRef = F3C6EE042B0AF2CA002D32F7 /* FirebaseFirestore */; };
		F3C6EE072B0AF2CA002D32F7 /* FirebaseFirestoreCombine-Community in Frameworks */ = {isa = PBXBuildFile; productRef = F3C6EE062B0AF2CA002D32F7 /* FirebaseFirestoreCombine-Community */; };
		F3C6EE092B0AF2CA002D32F7 /* FirebaseFirestoreSwift in Frameworks */ = {isa = PBXBuildFile; productRef = F3C6EE082B0AF2CA002D32F7 /* FirebaseFirestoreSwift */; };
		F3C6EE0B2B0AF2CA002D32F7 /* FirebaseFunctions in Frameworks */ = {isa = PBXBuildFile; productRef = F3C6EE0A2B0AF2CA002D32F7 /* FirebaseFunctions */; };
		F3C6EE0D2B0AF2CA002D32F7 /* FirebaseFunctionsCombine-Community in Frameworks */ = {isa = PBXBuildFile; productRef = F3C6EE0C2B0AF2CA002D32F7 /* FirebaseFunctionsCombine-Community */; };
		F3C6EE0F2B0AF2CA002D32F7 /* FirebaseInAppMessaging-Beta in Frameworks */ = {isa = PBXBuildFile; productRef = F3C6EE0E2B0AF2CA002D32F7 /* FirebaseInAppMessaging-Beta */; };
		F3C6EE112B0AF2CA002D32F7 /* FirebaseInAppMessagingSwift-Beta in Frameworks */ = {isa = PBXBuildFile; productRef = F3C6EE102B0AF2CA002D32F7 /* FirebaseInAppMessagingSwift-Beta */; };
		F3C6EE132B0AF2CA002D32F7 /* FirebaseInstallations in Frameworks */ = {isa = PBXBuildFile; productRef = F3C6EE122B0AF2CA002D32F7 /* FirebaseInstallations */; };
		F3C6EE152B0AF2CA002D32F7 /* FirebaseMLModelDownloader in Frameworks */ = {isa = PBXBuildFile; productRef = F3C6EE142B0AF2CA002D32F7 /* FirebaseMLModelDownloader */; };
		F3C6EE172B0AF2CA002D32F7 /* FirebaseMessaging in Frameworks */ = {isa = PBXBuildFile; productRef = F3C6EE162B0AF2CA002D32F7 /* FirebaseMessaging */; };
		F3C6EE192B0AF2CA002D32F7 /* FirebasePerformance in Frameworks */ = {isa = PBXBuildFile; productRef = F3C6EE182B0AF2CA002D32F7 /* FirebasePerformance */; };
		F3C6EE1B2B0AF2CA002D32F7 /* FirebaseRemoteConfig in Frameworks */ = {isa = PBXBuildFile; productRef = F3C6EE1A2B0AF2CA002D32F7 /* FirebaseRemoteConfig */; };
		F3C6EE1D2B0AF2CA002D32F7 /* FirebaseRemoteConfigSwift in Frameworks */ = {isa = PBXBuildFile; productRef = F3C6EE1C2B0AF2CA002D32F7 /* FirebaseRemoteConfigSwift */; };
		F3C6EE1F2B0AF2CA002D32F7 /* FirebaseStorage in Frameworks */ = {isa = PBXBuildFile; productRef = F3C6EE1E2B0AF2CA002D32F7 /* FirebaseStorage */; };
		F3C6EE212B0AF2CA002D32F7 /* FirebaseStorageCombine-Community in Frameworks */ = {isa = PBXBuildFile; productRef = F3C6EE202B0AF2CA002D32F7 /* FirebaseStorageCombine-Community */; };
		F3C6EE252B0AF32A002D32F7 /* SignInView.swift in Sources */ = {isa = PBXBuildFile; fileRef = F3C6EE222B0AF329002D32F7 /* SignInView.swift */; };
		F3C6EE262B0AF32A002D32F7 /* AuthenticationView.swift in Sources */ = {isa = PBXBuildFile; fileRef = F3C6EE232B0AF32A002D32F7 /* AuthenticationView.swift */; };
		F3C6EE272B0AF32A002D32F7 /* SignUpView.swift in Sources */ = {isa = PBXBuildFile; fileRef = F3C6EE242B0AF32A002D32F7 /* SignUpView.swift */; };
		F3C6EE2A2B0AF389002D32F7 /* AuthenticationManager.swift in Sources */ = {isa = PBXBuildFile; fileRef = F3C6EE292B0AF389002D32F7 /* AuthenticationManager.swift */; };
/* End PBXBuildFile section */

/* Begin PBXFileReference section */
		1D3021B42B0865D7006F8939 /* AddSheetView.swift */ = {isa = PBXFileReference; lastKnownFileType = sourcecode.swift; path = AddSheetView.swift; sourceTree = "<group>"; };
		1DAD4DB22B0721A90069572A /* AvatarView.swift */ = {isa = PBXFileReference; lastKnownFileType = sourcecode.swift; path = AvatarView.swift; sourceTree = "<group>"; };
		90AEEF1C2AA5718F00E28133 /* trs App.app */ = {isa = PBXFileReference; explicitFileType = wrapper.application; includeInIndex = 0; path = "trs App.app"; sourceTree = BUILT_PRODUCTS_DIR; };
		90AEEF1F2AA5718F00E28133 /* trs_AppApp.swift */ = {isa = PBXFileReference; lastKnownFileType = sourcecode.swift; path = trs_AppApp.swift; sourceTree = "<group>"; };
		90AEEF212AA5718F00E28133 /* ContentView.swift */ = {isa = PBXFileReference; lastKnownFileType = sourcecode.swift; path = ContentView.swift; sourceTree = "<group>"; };
		90AEEF232AA5719000E28133 /* Assets.xcassets */ = {isa = PBXFileReference; lastKnownFileType = folder.assetcatalog; path = Assets.xcassets; sourceTree = "<group>"; };
		90AEEF262AA5719000E28133 /* Preview Assets.xcassets */ = {isa = PBXFileReference; lastKnownFileType = folder.assetcatalog; path = "Preview Assets.xcassets"; sourceTree = "<group>"; };
		90B0A1E52B0845BC0001C32F /* TipsView.swift */ = {isa = PBXFileReference; lastKnownFileType = sourcecode.swift; path = TipsView.swift; sourceTree = "<group>"; };
		F33E68BB2B086E7F00DED94F /* CredentialInformationView.swift */ = {isa = PBXFileReference; lastKnownFileType = sourcecode.swift; path = CredentialInformationView.swift; sourceTree = "<group>"; };
		F36CA2802B06712B0097620C /* PortfolioView.swift */ = {isa = PBXFileReference; lastKnownFileType = sourcecode.swift; path = PortfolioView.swift; sourceTree = "<group>"; };
		F36CA2822B0674EE0097620C /* ScheduleView.swift */ = {isa = PBXFileReference; lastKnownFileType = sourcecode.swift; path = ScheduleView.swift; sourceTree = "<group>"; };
		F36CA2842B0675100097620C /* SettingsView.swift */ = {isa = PBXFileReference; lastKnownFileType = sourcecode.swift; path = SettingsView.swift; sourceTree = "<group>"; };
		F36CA28C2B06834D0097620C /* FilterButtons.swift */ = {isa = PBXFileReference; lastKnownFileType = sourcecode.swift; path = FilterButtons.swift; sourceTree = "<group>"; };
		F36CA28E2B0683B30097620C /* CategoriesView.swift */ = {isa = PBXFileReference; lastKnownFileType = sourcecode.swift; path = CategoriesView.swift; sourceTree = "<group>"; };
		F36CA2902B06F6410097620C /* Color+Hex.swift */ = {isa = PBXFileReference; lastKnownFileType = sourcecode.swift; path = "Color+Hex.swift"; sourceTree = "<group>"; };
		F36CA2922B06F8D70097620C /* FilterManager.swift */ = {isa = PBXFileReference; lastKnownFileType = sourcecode.swift; path = FilterManager.swift; sourceTree = "<group>"; };
		F36CA2952B06FBBF0097620C /* NewCredentialsView.swift */ = {isa = PBXFileReference; lastKnownFileType = sourcecode.swift; path = NewCredentialsView.swift; sourceTree = "<group>"; };
		F36CA2972B0709160097620C /* CredentialsManager.swift */ = {isa = PBXFileReference; lastKnownFileType = sourcecode.swift; path = CredentialsManager.swift; sourceTree = "<group>"; };
		F3C6EE222B0AF329002D32F7 /* SignInView.swift */ = {isa = PBXFileReference; fileEncoding = 4; lastKnownFileType = sourcecode.swift; path = SignInView.swift; sourceTree = "<group>"; };
		F3C6EE232B0AF32A002D32F7 /* AuthenticationView.swift */ = {isa = PBXFileReference; fileEncoding = 4; lastKnownFileType = sourcecode.swift; path = AuthenticationView.swift; sourceTree = "<group>"; };
		F3C6EE242B0AF32A002D32F7 /* SignUpView.swift */ = {isa = PBXFileReference; fileEncoding = 4; lastKnownFileType = sourcecode.swift; path = SignUpView.swift; sourceTree = "<group>"; };
		F3C6EE292B0AF389002D32F7 /* AuthenticationManager.swift */ = {isa = PBXFileReference; lastKnownFileType = sourcecode.swift; path = AuthenticationManager.swift; sourceTree = "<group>"; };
/* End PBXFileReference section */

/* Begin PBXFrameworksBuildPhase section */
		90AEEF192AA5718F00E28133 /* Frameworks */ = {
			isa = PBXFrameworksBuildPhase;
			buildActionMask = 2147483647;
			files = (
				F3C6EE0B2B0AF2CA002D32F7 /* FirebaseFunctions in Frameworks */,
				F3C6EE012B0AF2CA002D32F7 /* FirebaseDatabaseSwift in Frameworks */,
				F3C6EE112B0AF2CA002D32F7 /* FirebaseInAppMessagingSwift-Beta in Frameworks */,
				F3C6EE172B0AF2CA002D32F7 /* FirebaseMessaging in Frameworks */,
				F3C6EDF72B0AF2CA002D32F7 /* FirebaseAppDistribution-Beta in Frameworks */,
				F3C6EDFB2B0AF2CA002D32F7 /* FirebaseAuthCombine-Community in Frameworks */,
				F3C6EE072B0AF2CA002D32F7 /* FirebaseFirestoreCombine-Community in Frameworks */,
				F3C6EDF12B0AF2CA002D32F7 /* FirebaseAnalyticsSwift in Frameworks */,
				F3C6EE152B0AF2CA002D32F7 /* FirebaseMLModelDownloader in Frameworks */,
				F3C6EDF32B0AF2CA002D32F7 /* FirebaseAnalyticsWithoutAdIdSupport in Frameworks */,
				F3C6EDED2B0AF2CA002D32F7 /* FirebaseAnalytics in Frameworks */,
				F3C6EE092B0AF2CA002D32F7 /* FirebaseFirestoreSwift in Frameworks */,
				F3C6EDEF2B0AF2CA002D32F7 /* FirebaseAnalyticsOnDeviceConversion in Frameworks */,
				F3C6EDF52B0AF2CA002D32F7 /* FirebaseAppCheck in Frameworks */,
				F3C6EE192B0AF2CA002D32F7 /* FirebasePerformance in Frameworks */,
				F3C6EE0F2B0AF2CA002D32F7 /* FirebaseInAppMessaging-Beta in Frameworks */,
				F3C6EE0D2B0AF2CA002D32F7 /* FirebaseFunctionsCombine-Community in Frameworks */,
				F3C6EDFD2B0AF2CA002D32F7 /* FirebaseCrashlytics in Frameworks */,
				F3C6EE132B0AF2CA002D32F7 /* FirebaseInstallations in Frameworks */,
				F3C6EE1B2B0AF2CA002D32F7 /* FirebaseRemoteConfig in Frameworks */,
				F3C6EE1F2B0AF2CA002D32F7 /* FirebaseStorage in Frameworks */,
				F3C6EDFF2B0AF2CA002D32F7 /* FirebaseDatabase in Frameworks */,
				F3C6EE212B0AF2CA002D32F7 /* FirebaseStorageCombine-Community in Frameworks */,
				90B0A1E42B071D7A0001C32F /* SwiftPersistence in Frameworks */,
				F3C6EDF92B0AF2CA002D32F7 /* FirebaseAuth in Frameworks */,
				F3C6EE032B0AF2CA002D32F7 /* FirebaseDynamicLinks in Frameworks */,
				F3C6EE052B0AF2CA002D32F7 /* FirebaseFirestore in Frameworks */,
				F3C6EE1D2B0AF2CA002D32F7 /* FirebaseRemoteConfigSwift in Frameworks */,
			);
			runOnlyForDeploymentPostprocessing = 0;
		};
/* End PBXFrameworksBuildPhase section */

/* Begin PBXGroup section */
		90AEEF132AA5718F00E28133 = {
			isa = PBXGroup;
			children = (
				90AEEF1E2AA5718F00E28133 /* trs App */,
				90AEEF1D2AA5718F00E28133 /* Products */,
			);
			sourceTree = "<group>";
		};
		90AEEF1D2AA5718F00E28133 /* Products */ = {
			isa = PBXGroup;
			children = (
				90AEEF1C2AA5718F00E28133 /* trs App.app */,
			);
			name = Products;
			sourceTree = "<group>";
		};
		90AEEF1E2AA5718F00E28133 /* trs App */ = {
			isa = PBXGroup;
			children = (
				F36CA27D2B0670C50097620C /* Application */,
				F36CA27E2B0670D90097620C /* Main */,
				90AEEF232AA5719000E28133 /* Assets.xcassets */,
				90AEEF252AA5719000E28133 /* Preview Content */,
			);
			path = "trs App";
			sourceTree = "<group>";
		};
		90AEEF252AA5719000E28133 /* Preview Content */ = {
			isa = PBXGroup;
			children = (
				90AEEF262AA5719000E28133 /* Preview Assets.xcassets */,
			);
			path = "Preview Content";
			sourceTree = "<group>";
		};
		90B0A1E72B0846120001C32F /* Tips */ = {
			isa = PBXGroup;
			children = (
				90B0A1E52B0845BC0001C32F /* TipsView.swift */,
			);
			path = Tips;
			sourceTree = "<group>";
		};
		F36CA27D2B0670C50097620C /* Application */ = {
			isa = PBXGroup;
			children = (
				90AEEF1F2AA5718F00E28133 /* trs_AppApp.swift */,
				90AEEF212AA5718F00E28133 /* ContentView.swift */,
			);
			path = Application;
			sourceTree = "<group>";
		};
		F36CA27E2B0670D90097620C /* Main */ = {
			isa = PBXGroup;
			children = (
				F36CA2882B0683140097620C /* Managers */,
				F36CA2862B0682850097620C /* Components */,
				F36CA27F2B0670E20097620C /* UI */,
			);
			path = Main;
			sourceTree = "<group>";
		};
		F36CA27F2B0670E20097620C /* UI */ = {
			isa = PBXGroup;
			children = (
				90B0A1E72B0846120001C32F /* Tips */,
				F36CA2892B0683260097620C /* Portfolio */,
				F36CA2942B06FB430097620C /* Adding Credentials */,
				F36CA28A2B06832F0097620C /* Schedule */,
				F36CA28B2B0683340097620C /* Settings */,
				F3C6EE282B0AF332002D32F7 /* Authentication */,
			);
			path = UI;
			sourceTree = "<group>";
		};
		F36CA2862B0682850097620C /* Components */ = {
			isa = PBXGroup;
			children = (
				F36CA2902B06F6410097620C /* Color+Hex.swift */,
				F36CA2872B06828D0097620C /* Portfolio */,
			);
			path = Components;
			sourceTree = "<group>";
		};
		F36CA2872B06828D0097620C /* Portfolio */ = {
			isa = PBXGroup;
			children = (
				F36CA28C2B06834D0097620C /* FilterButtons.swift */,
			);
			path = Portfolio;
			sourceTree = "<group>";
		};
		F36CA2882B0683140097620C /* Managers */ = {
			isa = PBXGroup;
			children = (
				F36CA2922B06F8D70097620C /* FilterManager.swift */,
				F36CA2972B0709160097620C /* CredentialsManager.swift */,
				F3C6EE292B0AF389002D32F7 /* AuthenticationManager.swift */,
			);
			path = Managers;
			sourceTree = "<group>";
		};
		F36CA2892B0683260097620C /* Portfolio */ = {
			isa = PBXGroup;
			children = (
				F36CA2802B06712B0097620C /* PortfolioView.swift */,
				F33E68BB2B086E7F00DED94F /* CredentialInformationView.swift */,
			);
			path = Portfolio;
			sourceTree = "<group>";
		};
		F36CA28A2B06832F0097620C /* Schedule */ = {
			isa = PBXGroup;
			children = (
				F36CA2822B0674EE0097620C /* ScheduleView.swift */,
				1D3021B42B0865D7006F8939 /* AddSheetView.swift */,
			);
			path = Schedule;
			sourceTree = "<group>";
		};
		F36CA28B2B0683340097620C /* Settings */ = {
			isa = PBXGroup;
			children = (
				F36CA2842B0675100097620C /* SettingsView.swift */,
				1DAD4DB22B0721A90069572A /* AvatarView.swift */,
			);
			path = Settings;
			sourceTree = "<group>";
		};
		F36CA2942B06FB430097620C /* Adding Credentials */ = {
			isa = PBXGroup;
			children = (
				F36CA28E2B0683B30097620C /* CategoriesView.swift */,
				F36CA2952B06FBBF0097620C /* NewCredentialsView.swift */,
			);
			path = "Adding Credentials";
			sourceTree = "<group>";
		};
		F3C6EE282B0AF332002D32F7 /* Authentication */ = {
			isa = PBXGroup;
			children = (
				F3C6EE232B0AF32A002D32F7 /* AuthenticationView.swift */,
				F3C6EE222B0AF329002D32F7 /* SignInView.swift */,
				F3C6EE242B0AF32A002D32F7 /* SignUpView.swift */,
			);
			path = Authentication;
			sourceTree = "<group>";
		};
/* End PBXGroup section */

/* Begin PBXNativeTarget section */
		90AEEF1B2AA5718F00E28133 /* trs App */ = {
			isa = PBXNativeTarget;
			buildConfigurationList = 90AEEF402AA5719000E28133 /* Build configuration list for PBXNativeTarget "trs App" */;
			buildPhases = (
				90AEEF182AA5718F00E28133 /* Sources */,
				90AEEF192AA5718F00E28133 /* Frameworks */,
				90AEEF1A2AA5718F00E28133 /* Resources */,
			);
			buildRules = (
			);
			dependencies = (
			);
			name = "trs App";
			packageProductDependencies = (
				90B0A1E32B071D7A0001C32F /* SwiftPersistence */,
				F3C6EDEC2B0AF2CA002D32F7 /* FirebaseAnalytics */,
				F3C6EDEE2B0AF2CA002D32F7 /* FirebaseAnalyticsOnDeviceConversion */,
				F3C6EDF02B0AF2CA002D32F7 /* FirebaseAnalyticsSwift */,
				F3C6EDF22B0AF2CA002D32F7 /* FirebaseAnalyticsWithoutAdIdSupport */,
				F3C6EDF42B0AF2CA002D32F7 /* FirebaseAppCheck */,
				F3C6EDF62B0AF2CA002D32F7 /* FirebaseAppDistribution-Beta */,
				F3C6EDF82B0AF2CA002D32F7 /* FirebaseAuth */,
				F3C6EDFA2B0AF2CA002D32F7 /* FirebaseAuthCombine-Community */,
				F3C6EDFC2B0AF2CA002D32F7 /* FirebaseCrashlytics */,
				F3C6EDFE2B0AF2CA002D32F7 /* FirebaseDatabase */,
				F3C6EE002B0AF2CA002D32F7 /* FirebaseDatabaseSwift */,
				F3C6EE022B0AF2CA002D32F7 /* FirebaseDynamicLinks */,
				F3C6EE042B0AF2CA002D32F7 /* FirebaseFirestore */,
				F3C6EE062B0AF2CA002D32F7 /* FirebaseFirestoreCombine-Community */,
				F3C6EE082B0AF2CA002D32F7 /* FirebaseFirestoreSwift */,
				F3C6EE0A2B0AF2CA002D32F7 /* FirebaseFunctions */,
				F3C6EE0C2B0AF2CA002D32F7 /* FirebaseFunctionsCombine-Community */,
				F3C6EE0E2B0AF2CA002D32F7 /* FirebaseInAppMessaging-Beta */,
				F3C6EE102B0AF2CA002D32F7 /* FirebaseInAppMessagingSwift-Beta */,
				F3C6EE122B0AF2CA002D32F7 /* FirebaseInstallations */,
				F3C6EE142B0AF2CA002D32F7 /* FirebaseMLModelDownloader */,
				F3C6EE162B0AF2CA002D32F7 /* FirebaseMessaging */,
				F3C6EE182B0AF2CA002D32F7 /* FirebasePerformance */,
				F3C6EE1A2B0AF2CA002D32F7 /* FirebaseRemoteConfig */,
				F3C6EE1C2B0AF2CA002D32F7 /* FirebaseRemoteConfigSwift */,
				F3C6EE1E2B0AF2CA002D32F7 /* FirebaseStorage */,
				F3C6EE202B0AF2CA002D32F7 /* FirebaseStorageCombine-Community */,
			);
			productName = "trs App";
			productReference = 90AEEF1C2AA5718F00E28133 /* trs App.app */;
			productType = "com.apple.product-type.application";
		};
/* End PBXNativeTarget section */

/* Begin PBXProject section */
		90AEEF142AA5718F00E28133 /* Project object */ = {
			isa = PBXProject;
			attributes = {
				BuildIndependentTargetsInParallel = 1;
				LastSwiftUpdateCheck = 1420;
				LastUpgradeCheck = 1510;
				TargetAttributes = {
					90AEEF1B2AA5718F00E28133 = {
						CreatedOnToolsVersion = 14.2;
					};
				};
			};
			buildConfigurationList = 90AEEF172AA5718F00E28133 /* Build configuration list for PBXProject "trs App" */;
			compatibilityVersion = "Xcode 14.0";
			developmentRegion = en;
			hasScannedForEncodings = 0;
			knownRegions = (
				en,
				Base,
			);
			mainGroup = 90AEEF132AA5718F00E28133;
			packageReferences = (
				90B0A1E22B071D7A0001C32F /* XCRemoteSwiftPackageReference "SwiftPersistence" */,
				F3C6EDEB2B0AF2CA002D32F7 /* XCRemoteSwiftPackageReference "firebase-ios-sdk" */,
			);
			productRefGroup = 90AEEF1D2AA5718F00E28133 /* Products */;
			projectDirPath = "";
			projectRoot = "";
			targets = (
				90AEEF1B2AA5718F00E28133 /* trs App */,
			);
		};
/* End PBXProject section */

/* Begin PBXResourcesBuildPhase section */
		90AEEF1A2AA5718F00E28133 /* Resources */ = {
			isa = PBXResourcesBuildPhase;
			buildActionMask = 2147483647;
			files = (
				90AEEF272AA5719000E28133 /* Preview Assets.xcassets in Resources */,
				90AEEF242AA5719000E28133 /* Assets.xcassets in Resources */,
			);
			runOnlyForDeploymentPostprocessing = 0;
		};
/* End PBXResourcesBuildPhase section */

/* Begin PBXSourcesBuildPhase section */
		90AEEF182AA5718F00E28133 /* Sources */ = {
			isa = PBXSourcesBuildPhase;
			buildActionMask = 2147483647;
			files = (
				F36CA2852B0675100097620C /* SettingsView.swift in Sources */,
				1DAD4DB32B0721A90069572A /* AvatarView.swift in Sources */,
				F36CA2982B0709160097620C /* CredentialsManager.swift in Sources */,
				F36CA2912B06F6410097620C /* Color+Hex.swift in Sources */,
				F3C6EE2A2B0AF389002D32F7 /* AuthenticationManager.swift in Sources */,
				F36CA2812B06712B0097620C /* PortfolioView.swift in Sources */,
				90B0A1E62B0845BC0001C32F /* TipsView.swift in Sources */,
				F36CA2832B0674EE0097620C /* ScheduleView.swift in Sources */,
				F36CA2962B06FBBF0097620C /* NewCredentialsView.swift in Sources */,
				1D3021B52B0865D7006F8939 /* AddSheetView.swift in Sources */,
				F36CA28D2B06834D0097620C /* FilterButtons.swift in Sources */,
				F36CA2932B06F8D70097620C /* FilterManager.swift in Sources */,
				F33E68BC2B086E7F00DED94F /* CredentialInformationView.swift in Sources */,
				F36CA28F2B0683B30097620C /* CategoriesView.swift in Sources */,
				F3C6EE262B0AF32A002D32F7 /* AuthenticationView.swift in Sources */,
				90AEEF222AA5718F00E28133 /* ContentView.swift in Sources */,
				F3C6EE252B0AF32A002D32F7 /* SignInView.swift in Sources */,
				F3C6EE272B0AF32A002D32F7 /* SignUpView.swift in Sources */,
				90AEEF202AA5718F00E28133 /* trs_AppApp.swift in Sources */,
			);
			runOnlyForDeploymentPostprocessing = 0;
		};
/* End PBXSourcesBuildPhase section */

/* Begin XCBuildConfiguration section */
		90AEEF3E2AA5719000E28133 /* Debug */ = {
			isa = XCBuildConfiguration;
			buildSettings = {
				ALWAYS_SEARCH_USER_PATHS = NO;
				CLANG_ANALYZER_NONNULL = YES;
				CLANG_ANALYZER_NUMBER_OBJECT_CONVERSION = YES_AGGRESSIVE;
				CLANG_CXX_LANGUAGE_STANDARD = "gnu++20";
				CLANG_ENABLE_MODULES = YES;
				CLANG_ENABLE_OBJC_ARC = YES;
				CLANG_ENABLE_OBJC_WEAK = YES;
				CLANG_WARN_BLOCK_CAPTURE_AUTORELEASING = YES;
				CLANG_WARN_BOOL_CONVERSION = YES;
				CLANG_WARN_COMMA = YES;
				CLANG_WARN_CONSTANT_CONVERSION = YES;
				CLANG_WARN_DEPRECATED_OBJC_IMPLEMENTATIONS = YES;
				CLANG_WARN_DIRECT_OBJC_ISA_USAGE = YES_ERROR;
				CLANG_WARN_DOCUMENTATION_COMMENTS = YES;
				CLANG_WARN_EMPTY_BODY = YES;
				CLANG_WARN_ENUM_CONVERSION = YES;
				CLANG_WARN_INFINITE_RECURSION = YES;
				CLANG_WARN_INT_CONVERSION = YES;
				CLANG_WARN_NON_LITERAL_NULL_CONVERSION = YES;
				CLANG_WARN_OBJC_IMPLICIT_RETAIN_SELF = YES;
				CLANG_WARN_OBJC_LITERAL_CONVERSION = YES;
				CLANG_WARN_OBJC_ROOT_CLASS = YES_ERROR;
				CLANG_WARN_QUOTED_INCLUDE_IN_FRAMEWORK_HEADER = YES;
				CLANG_WARN_RANGE_LOOP_ANALYSIS = YES;
				CLANG_WARN_STRICT_PROTOTYPES = YES;
				CLANG_WARN_SUSPICIOUS_MOVE = YES;
				CLANG_WARN_UNGUARDED_AVAILABILITY = YES_AGGRESSIVE;
				CLANG_WARN_UNREACHABLE_CODE = YES;
				CLANG_WARN__DUPLICATE_METHOD_MATCH = YES;
				COPY_PHASE_STRIP = NO;
				DEBUG_INFORMATION_FORMAT = dwarf;
				ENABLE_STRICT_OBJC_MSGSEND = YES;
				ENABLE_TESTABILITY = YES;
				ENABLE_USER_SCRIPT_SANDBOXING = YES;
				GCC_C_LANGUAGE_STANDARD = gnu11;
				GCC_DYNAMIC_NO_PIC = NO;
				GCC_NO_COMMON_BLOCKS = YES;
				GCC_OPTIMIZATION_LEVEL = 0;
				GCC_PREPROCESSOR_DEFINITIONS = (
					"DEBUG=1",
					"$(inherited)",
				);
				GCC_WARN_64_TO_32_BIT_CONVERSION = YES;
				GCC_WARN_ABOUT_RETURN_TYPE = YES_ERROR;
				GCC_WARN_UNDECLARED_SELECTOR = YES;
				GCC_WARN_UNINITIALIZED_AUTOS = YES_AGGRESSIVE;
				GCC_WARN_UNUSED_FUNCTION = YES;
				GCC_WARN_UNUSED_VARIABLE = YES;
				IPHONEOS_DEPLOYMENT_TARGET = 16.2;
				MTL_ENABLE_DEBUG_INFO = INCLUDE_SOURCE;
				MTL_FAST_MATH = YES;
				ONLY_ACTIVE_ARCH = YES;
				SDKROOT = iphoneos;
				SWIFT_ACTIVE_COMPILATION_CONDITIONS = DEBUG;
				SWIFT_OPTIMIZATION_LEVEL = "-Onone";
			};
			name = Debug;
		};
		90AEEF3F2AA5719000E28133 /* Release */ = {
			isa = XCBuildConfiguration;
			buildSettings = {
				ALWAYS_SEARCH_USER_PATHS = NO;
				CLANG_ANALYZER_NONNULL = YES;
				CLANG_ANALYZER_NUMBER_OBJECT_CONVERSION = YES_AGGRESSIVE;
				CLANG_CXX_LANGUAGE_STANDARD = "gnu++20";
				CLANG_ENABLE_MODULES = YES;
				CLANG_ENABLE_OBJC_ARC = YES;
				CLANG_ENABLE_OBJC_WEAK = YES;
				CLANG_WARN_BLOCK_CAPTURE_AUTORELEASING = YES;
				CLANG_WARN_BOOL_CONVERSION = YES;
				CLANG_WARN_COMMA = YES;
				CLANG_WARN_CONSTANT_CONVERSION = YES;
				CLANG_WARN_DEPRECATED_OBJC_IMPLEMENTATIONS = YES;
				CLANG_WARN_DIRECT_OBJC_ISA_USAGE = YES_ERROR;
				CLANG_WARN_DOCUMENTATION_COMMENTS = YES;
				CLANG_WARN_EMPTY_BODY = YES;
				CLANG_WARN_ENUM_CONVERSION = YES;
				CLANG_WARN_INFINITE_RECURSION = YES;
				CLANG_WARN_INT_CONVERSION = YES;
				CLANG_WARN_NON_LITERAL_NULL_CONVERSION = YES;
				CLANG_WARN_OBJC_IMPLICIT_RETAIN_SELF = YES;
				CLANG_WARN_OBJC_LITERAL_CONVERSION = YES;
				CLANG_WARN_OBJC_ROOT_CLASS = YES_ERROR;
				CLANG_WARN_QUOTED_INCLUDE_IN_FRAMEWORK_HEADER = YES;
				CLANG_WARN_RANGE_LOOP_ANALYSIS = YES;
				CLANG_WARN_STRICT_PROTOTYPES = YES;
				CLANG_WARN_SUSPICIOUS_MOVE = YES;
				CLANG_WARN_UNGUARDED_AVAILABILITY = YES_AGGRESSIVE;
				CLANG_WARN_UNREACHABLE_CODE = YES;
				CLANG_WARN__DUPLICATE_METHOD_MATCH = YES;
				COPY_PHASE_STRIP = NO;
				DEBUG_INFORMATION_FORMAT = "dwarf-with-dsym";
				ENABLE_NS_ASSERTIONS = NO;
				ENABLE_STRICT_OBJC_MSGSEND = YES;
				ENABLE_USER_SCRIPT_SANDBOXING = YES;
				GCC_C_LANGUAGE_STANDARD = gnu11;
				GCC_NO_COMMON_BLOCKS = YES;
				GCC_WARN_64_TO_32_BIT_CONVERSION = YES;
				GCC_WARN_ABOUT_RETURN_TYPE = YES_ERROR;
				GCC_WARN_UNDECLARED_SELECTOR = YES;
				GCC_WARN_UNINITIALIZED_AUTOS = YES_AGGRESSIVE;
				GCC_WARN_UNUSED_FUNCTION = YES;
				GCC_WARN_UNUSED_VARIABLE = YES;
				IPHONEOS_DEPLOYMENT_TARGET = 16.2;
				MTL_ENABLE_DEBUG_INFO = NO;
				MTL_FAST_MATH = YES;
				SDKROOT = iphoneos;
				SWIFT_COMPILATION_MODE = wholemodule;
				SWIFT_OPTIMIZATION_LEVEL = "-O";
				VALIDATE_PRODUCT = YES;
			};
			name = Release;
		};
		90AEEF412AA5719000E28133 /* Debug */ = {
			isa = XCBuildConfiguration;
			buildSettings = {
				ASSETCATALOG_COMPILER_APPICON_NAME = AppIcon;
				ASSETCATALOG_COMPILER_GLOBAL_ACCENT_COLOR_NAME = AccentColor;
				CODE_SIGN_STYLE = Automatic;
				CURRENT_PROJECT_VERSION = 1;
				DEVELOPMENT_ASSET_PATHS = "\"trs App/Preview Content\"";
				DEVELOPMENT_TEAM = DBBLGF84W3;
				ENABLE_PREVIEWS = YES;
				GENERATE_INFOPLIST_FILE = YES;
				INFOPLIST_KEY_UIApplicationSceneManifest_Generation = YES;
				INFOPLIST_KEY_UIApplicationSupportsIndirectInputEvents = YES;
				INFOPLIST_KEY_UILaunchScreen_Generation = YES;
				INFOPLIST_KEY_UISupportedInterfaceOrientations_iPad = "UIInterfaceOrientationPortrait UIInterfaceOrientationPortraitUpsideDown UIInterfaceOrientationLandscapeLeft UIInterfaceOrientationLandscapeRight";
				INFOPLIST_KEY_UISupportedInterfaceOrientations_iPhone = "UIInterfaceOrientationPortrait UIInterfaceOrientationLandscapeLeft UIInterfaceOrientationLandscapeRight";
				LD_RUNPATH_SEARCH_PATHS = (
					"$(inherited)",
					"@executable_path/Frameworks",
				);
				MARKETING_VERSION = 1.0;
				PRODUCT_BUNDLE_IDENTIFIER = "com.raenadya.trs-App";
				PRODUCT_NAME = "$(TARGET_NAME)";
				SWIFT_EMIT_LOC_STRINGS = YES;
				SWIFT_VERSION = 5.0;
				TARGETED_DEVICE_FAMILY = "1,2";
			};
			name = Debug;
		};
		90AEEF422AA5719000E28133 /* Release */ = {
			isa = XCBuildConfiguration;
			buildSettings = {
				ASSETCATALOG_COMPILER_APPICON_NAME = AppIcon;
				ASSETCATALOG_COMPILER_GLOBAL_ACCENT_COLOR_NAME = AccentColor;
				CODE_SIGN_STYLE = Automatic;
				CURRENT_PROJECT_VERSION = 1;
				DEVELOPMENT_ASSET_PATHS = "\"trs App/Preview Content\"";
				DEVELOPMENT_TEAM = DBBLGF84W3;
				ENABLE_PREVIEWS = YES;
				GENERATE_INFOPLIST_FILE = YES;
				INFOPLIST_KEY_UIApplicationSceneManifest_Generation = YES;
				INFOPLIST_KEY_UIApplicationSupportsIndirectInputEvents = YES;
				INFOPLIST_KEY_UILaunchScreen_Generation = YES;
				INFOPLIST_KEY_UISupportedInterfaceOrientations_iPad = "UIInterfaceOrientationPortrait UIInterfaceOrientationPortraitUpsideDown UIInterfaceOrientationLandscapeLeft UIInterfaceOrientationLandscapeRight";
				INFOPLIST_KEY_UISupportedInterfaceOrientations_iPhone = "UIInterfaceOrientationPortrait UIInterfaceOrientationLandscapeLeft UIInterfaceOrientationLandscapeRight";
				LD_RUNPATH_SEARCH_PATHS = (
					"$(inherited)",
					"@executable_path/Frameworks",
				);
				MARKETING_VERSION = 1.0;
				PRODUCT_BUNDLE_IDENTIFIER = "com.raenadya.trs-App";
				PRODUCT_NAME = "$(TARGET_NAME)";
				SWIFT_EMIT_LOC_STRINGS = YES;
				SWIFT_VERSION = 5.0;
				TARGETED_DEVICE_FAMILY = "1,2";
			};
			name = Release;
		};
/* End XCBuildConfiguration section */

/* Begin XCConfigurationList section */
		90AEEF172AA5718F00E28133 /* Build configuration list for PBXProject "trs App" */ = {
			isa = XCConfigurationList;
			buildConfigurations = (
				90AEEF3E2AA5719000E28133 /* Debug */,
				90AEEF3F2AA5719000E28133 /* Release */,
			);
			defaultConfigurationIsVisible = 0;
			defaultConfigurationName = Release;
		};
		90AEEF402AA5719000E28133 /* Build configuration list for PBXNativeTarget "trs App" */ = {
			isa = XCConfigurationList;
			buildConfigurations = (
				90AEEF412AA5719000E28133 /* Debug */,
				90AEEF422AA5719000E28133 /* Release */,
			);
			defaultConfigurationIsVisible = 0;
			defaultConfigurationName = Release;
		};
/* End XCConfigurationList section */

/* Begin XCRemoteSwiftPackageReference section */
		90B0A1E22B071D7A0001C32F /* XCRemoteSwiftPackageReference "SwiftPersistence" */ = {
			isa = XCRemoteSwiftPackageReference;
			repositoryURL = "https://github.com/cheesetan/SwiftPersistence";
			requirement = {
				kind = exactVersion;
				version = 1.1.2;
			};
		};
		F3C6EDEB2B0AF2CA002D32F7 /* XCRemoteSwiftPackageReference "firebase-ios-sdk" */ = {
			isa = XCRemoteSwiftPackageReference;
			repositoryURL = "https://github.com/firebase/firebase-ios-sdk";
			requirement = {
				kind = upToNextMajorVersion;
				minimumVersion = 10.18.0;
			};
		};
/* End XCRemoteSwiftPackageReference section */

/* Begin XCSwiftPackageProductDependency section */
		90B0A1E32B071D7A0001C32F /* SwiftPersistence */ = {
			isa = XCSwiftPackageProductDependency;
			package = 90B0A1E22B071D7A0001C32F /* XCRemoteSwiftPackageReference "SwiftPersistence" */;
			productName = SwiftPersistence;
		};
		F3C6EDEC2B0AF2CA002D32F7 /* FirebaseAnalytics */ = {
			isa = XCSwiftPackageProductDependency;
			package = F3C6EDEB2B0AF2CA002D32F7 /* XCRemoteSwiftPackageReference "firebase-ios-sdk" */;
			productName = FirebaseAnalytics;
		};
		F3C6EDEE2B0AF2CA002D32F7 /* FirebaseAnalyticsOnDeviceConversion */ = {
			isa = XCSwiftPackageProductDependency;
			package = F3C6EDEB2B0AF2CA002D32F7 /* XCRemoteSwiftPackageReference "firebase-ios-sdk" */;
			productName = FirebaseAnalyticsOnDeviceConversion;
		};
		F3C6EDF02B0AF2CA002D32F7 /* FirebaseAnalyticsSwift */ = {
			isa = XCSwiftPackageProductDependency;
			package = F3C6EDEB2B0AF2CA002D32F7 /* XCRemoteSwiftPackageReference "firebase-ios-sdk" */;
			productName = FirebaseAnalyticsSwift;
		};
		F3C6EDF22B0AF2CA002D32F7 /* FirebaseAnalyticsWithoutAdIdSupport */ = {
			isa = XCSwiftPackageProductDependency;
			package = F3C6EDEB2B0AF2CA002D32F7 /* XCRemoteSwiftPackageReference "firebase-ios-sdk" */;
			productName = FirebaseAnalyticsWithoutAdIdSupport;
		};
		F3C6EDF42B0AF2CA002D32F7 /* FirebaseAppCheck */ = {
			isa = XCSwiftPackageProductDependency;
			package = F3C6EDEB2B0AF2CA002D32F7 /* XCRemoteSwiftPackageReference "firebase-ios-sdk" */;
			productName = FirebaseAppCheck;
		};
		F3C6EDF62B0AF2CA002D32F7 /* FirebaseAppDistribution-Beta */ = {
			isa = XCSwiftPackageProductDependency;
			package = F3C6EDEB2B0AF2CA002D32F7 /* XCRemoteSwiftPackageReference "firebase-ios-sdk" */;
			productName = "FirebaseAppDistribution-Beta";
		};
		F3C6EDF82B0AF2CA002D32F7 /* FirebaseAuth */ = {
			isa = XCSwiftPackageProductDependency;
			package = F3C6EDEB2B0AF2CA002D32F7 /* XCRemoteSwiftPackageReference "firebase-ios-sdk" */;
			productName = FirebaseAuth;
		};
		F3C6EDFA2B0AF2CA002D32F7 /* FirebaseAuthCombine-Community */ = {
			isa = XCSwiftPackageProductDependency;
			package = F3C6EDEB2B0AF2CA002D32F7 /* XCRemoteSwiftPackageReference "firebase-ios-sdk" */;
			productName = "FirebaseAuthCombine-Community";
		};
		F3C6EDFC2B0AF2CA002D32F7 /* FirebaseCrashlytics */ = {
			isa = XCSwiftPackageProductDependency;
			package = F3C6EDEB2B0AF2CA002D32F7 /* XCRemoteSwiftPackageReference "firebase-ios-sdk" */;
			productName = FirebaseCrashlytics;
		};
		F3C6EDFE2B0AF2CA002D32F7 /* FirebaseDatabase */ = {
			isa = XCSwiftPackageProductDependency;
			package = F3C6EDEB2B0AF2CA002D32F7 /* XCRemoteSwiftPackageReference "firebase-ios-sdk" */;
			productName = FirebaseDatabase;
		};
		F3C6EE002B0AF2CA002D32F7 /* FirebaseDatabaseSwift */ = {
			isa = XCSwiftPackageProductDependency;
			package = F3C6EDEB2B0AF2CA002D32F7 /* XCRemoteSwiftPackageReference "firebase-ios-sdk" */;
			productName = FirebaseDatabaseSwift;
		};
		F3C6EE022B0AF2CA002D32F7 /* FirebaseDynamicLinks */ = {
			isa = XCSwiftPackageProductDependency;
			package = F3C6EDEB2B0AF2CA002D32F7 /* XCRemoteSwiftPackageReference "firebase-ios-sdk" */;
			productName = FirebaseDynamicLinks;
		};
		F3C6EE042B0AF2CA002D32F7 /* FirebaseFirestore */ = {
			isa = XCSwiftPackageProductDependency;
			package = F3C6EDEB2B0AF2CA002D32F7 /* XCRemoteSwiftPackageReference "firebase-ios-sdk" */;
			productName = FirebaseFirestore;
		};
		F3C6EE062B0AF2CA002D32F7 /* FirebaseFirestoreCombine-Community */ = {
			isa = XCSwiftPackageProductDependency;
			package = F3C6EDEB2B0AF2CA002D32F7 /* XCRemoteSwiftPackageReference "firebase-ios-sdk" */;
			productName = "FirebaseFirestoreCombine-Community";
		};
		F3C6EE082B0AF2CA002D32F7 /* FirebaseFirestoreSwift */ = {
			isa = XCSwiftPackageProductDependency;
			package = F3C6EDEB2B0AF2CA002D32F7 /* XCRemoteSwiftPackageReference "firebase-ios-sdk" */;
			productName = FirebaseFirestoreSwift;
		};
		F3C6EE0A2B0AF2CA002D32F7 /* FirebaseFunctions */ = {
			isa = XCSwiftPackageProductDependency;
			package = F3C6EDEB2B0AF2CA002D32F7 /* XCRemoteSwiftPackageReference "firebase-ios-sdk" */;
			productName = FirebaseFunctions;
		};
		F3C6EE0C2B0AF2CA002D32F7 /* FirebaseFunctionsCombine-Community */ = {
			isa = XCSwiftPackageProductDependency;
			package = F3C6EDEB2B0AF2CA002D32F7 /* XCRemoteSwiftPackageReference "firebase-ios-sdk" */;
			productName = "FirebaseFunctionsCombine-Community";
		};
		F3C6EE0E2B0AF2CA002D32F7 /* FirebaseInAppMessaging-Beta */ = {
			isa = XCSwiftPackageProductDependency;
			package = F3C6EDEB2B0AF2CA002D32F7 /* XCRemoteSwiftPackageReference "firebase-ios-sdk" */;
			productName = "FirebaseInAppMessaging-Beta";
		};
		F3C6EE102B0AF2CA002D32F7 /* FirebaseInAppMessagingSwift-Beta */ = {
			isa = XCSwiftPackageProductDependency;
			package = F3C6EDEB2B0AF2CA002D32F7 /* XCRemoteSwiftPackageReference "firebase-ios-sdk" */;
			productName = "FirebaseInAppMessagingSwift-Beta";
		};
		F3C6EE122B0AF2CA002D32F7 /* FirebaseInstallations */ = {
			isa = XCSwiftPackageProductDependency;
			package = F3C6EDEB2B0AF2CA002D32F7 /* XCRemoteSwiftPackageReference "firebase-ios-sdk" */;
			productName = FirebaseInstallations;
		};
		F3C6EE142B0AF2CA002D32F7 /* FirebaseMLModelDownloader */ = {
			isa = XCSwiftPackageProductDependency;
			package = F3C6EDEB2B0AF2CA002D32F7 /* XCRemoteSwiftPackageReference "firebase-ios-sdk" */;
			productName = FirebaseMLModelDownloader;
		};
		F3C6EE162B0AF2CA002D32F7 /* FirebaseMessaging */ = {
			isa = XCSwiftPackageProductDependency;
			package = F3C6EDEB2B0AF2CA002D32F7 /* XCRemoteSwiftPackageReference "firebase-ios-sdk" */;
			productName = FirebaseMessaging;
		};
		F3C6EE182B0AF2CA002D32F7 /* FirebasePerformance */ = {
			isa = XCSwiftPackageProductDependency;
			package = F3C6EDEB2B0AF2CA002D32F7 /* XCRemoteSwiftPackageReference "firebase-ios-sdk" */;
			productName = FirebasePerformance;
		};
		F3C6EE1A2B0AF2CA002D32F7 /* FirebaseRemoteConfig */ = {
			isa = XCSwiftPackageProductDependency;
			package = F3C6EDEB2B0AF2CA002D32F7 /* XCRemoteSwiftPackageReference "firebase-ios-sdk" */;
			productName = FirebaseRemoteConfig;
		};
		F3C6EE1C2B0AF2CA002D32F7 /* FirebaseRemoteConfigSwift */ = {
			isa = XCSwiftPackageProductDependency;
			package = F3C6EDEB2B0AF2CA002D32F7 /* XCRemoteSwiftPackageReference "firebase-ios-sdk" */;
			productName = FirebaseRemoteConfigSwift;
		};
		F3C6EE1E2B0AF2CA002D32F7 /* FirebaseStorage */ = {
			isa = XCSwiftPackageProductDependency;
			package = F3C6EDEB2B0AF2CA002D32F7 /* XCRemoteSwiftPackageReference "firebase-ios-sdk" */;
			productName = FirebaseStorage;
		};
		F3C6EE202B0AF2CA002D32F7 /* FirebaseStorageCombine-Community */ = {
			isa = XCSwiftPackageProductDependency;
			package = F3C6EDEB2B0AF2CA002D32F7 /* XCRemoteSwiftPackageReference "firebase-ios-sdk" */;
			productName = "FirebaseStorageCombine-Community";
		};
/* End XCSwiftPackageProductDependency section */
	};
	rootObject = 90AEEF142AA5718F00E28133 /* Project object */;
}
