// !$*UTF8*$!
{
	archiveVersion = 1;
	classes = {
	};
	objectVersion = 56;
	objects = {

/* Begin PBXBuildFile section */
		90AEEF202AA5718F00E28133 /* trs_AppApp.swift in Sources */ = {isa = PBXBuildFile; fileRef = 90AEEF1F2AA5718F00E28133 /* trs_AppApp.swift */; };
		90AEEF222AA5718F00E28133 /* ContentView.swift in Sources */ = {isa = PBXBuildFile; fileRef = 90AEEF212AA5718F00E28133 /* ContentView.swift */; };
		90AEEF242AA5719000E28133 /* Assets.xcassets in Resources */ = {isa = PBXBuildFile; fileRef = 90AEEF232AA5719000E28133 /* Assets.xcassets */; };
		90AEEF272AA5719000E28133 /* Preview Assets.xcassets in Resources */ = {isa = PBXBuildFile; fileRef = 90AEEF262AA5719000E28133 /* Preview Assets.xcassets */; };
		90AEEF312AA5719000E28133 /* trs_AppTests.swift in Sources */ = {isa = PBXBuildFile; fileRef = 90AEEF302AA5719000E28133 /* trs_AppTests.swift */; };
		90AEEF3B2AA5719000E28133 /* trs_AppUITests.swift in Sources */ = {isa = PBXBuildFile; fileRef = 90AEEF3A2AA5719000E28133 /* trs_AppUITests.swift */; };
		90AEEF3D2AA5719000E28133 /* trs_AppUITestsLaunchTests.swift in Sources */ = {isa = PBXBuildFile; fileRef = 90AEEF3C2AA5719000E28133 /* trs_AppUITestsLaunchTests.swift */; };
/* End PBXBuildFile section */

/* Begin PBXContainerItemProxy section */
		90AEEF2D2AA5719000E28133 /* PBXContainerItemProxy */ = {
			isa = PBXContainerItemProxy;
			containerPortal = 90AEEF142AA5718F00E28133 /* Project object */;
			proxyType = 1;
			remoteGlobalIDString = 90AEEF1B2AA5718F00E28133;
			remoteInfo = "trs App";
		};
		90AEEF372AA5719000E28133 /* PBXContainerItemProxy */ = {
			isa = PBXContainerItemProxy;
			containerPortal = 90AEEF142AA5718F00E28133 /* Project object */;
			proxyType = 1;
			remoteGlobalIDString = 90AEEF1B2AA5718F00E28133;
			remoteInfo = "trs App";
		};
/* End PBXContainerItemProxy section */

/* Begin PBXFileReference section */
		90AEEF1C2AA5718F00E28133 /* trs App.app */ = {isa = PBXFileReference; explicitFileType = wrapper.application; includeInIndex = 0; path = "trs App.app"; sourceTree = BUILT_PRODUCTS_DIR; };
		90AEEF1F2AA5718F00E28133 /* trs_AppApp.swift */ = {isa = PBXFileReference; lastKnownFileType = sourcecode.swift; path = trs_AppApp.swift; sourceTree = "<group>"; };
		90AEEF212AA5718F00E28133 /* ContentView.swift */ = {isa = PBXFileReference; lastKnownFileType = sourcecode.swift; path = ContentView.swift; sourceTree = "<group>"; };
		90AEEF232AA5719000E28133 /* Assets.xcassets */ = {isa = PBXFileReference; lastKnownFileType = folder.assetcatalog; path = Assets.xcassets; sourceTree = "<group>"; };
		90AEEF262AA5719000E28133 /* Preview Assets.xcassets */ = {isa = PBXFileReference; lastKnownFileType = folder.assetcatalog; path = "Preview Assets.xcassets"; sourceTree = "<group>"; };
		90AEEF2C2AA5719000E28133 /* trs AppTests.xctest */ = {isa = PBXFileReference; explicitFileType = wrapper.cfbundle; includeInIndex = 0; path = "trs AppTests.xctest"; sourceTree = BUILT_PRODUCTS_DIR; };
		90AEEF302AA5719000E28133 /* trs_AppTests.swift */ = {isa = PBXFileReference; lastKnownFileType = sourcecode.swift; path = trs_AppTests.swift; sourceTree = "<group>"; };
		90AEEF362AA5719000E28133 /* trs AppUITests.xctest */ = {isa = PBXFileReference; explicitFileType = wrapper.cfbundle; includeInIndex = 0; path = "trs AppUITests.xctest"; sourceTree = BUILT_PRODUCTS_DIR; };
		90AEEF3A2AA5719000E28133 /* trs_AppUITests.swift */ = {isa = PBXFileReference; lastKnownFileType = sourcecode.swift; path = trs_AppUITests.swift; sourceTree = "<group>"; };
		90AEEF3C2AA5719000E28133 /* trs_AppUITestsLaunchTests.swift */ = {isa = PBXFileReference; lastKnownFileType = sourcecode.swift; path = trs_AppUITestsLaunchTests.swift; sourceTree = "<group>"; };
/* End PBXFileReference section */

/* Begin PBXFrameworksBuildPhase section */
		90AEEF192AA5718F00E28133 /* Frameworks */ = {
			isa = PBXFrameworksBuildPhase;
			buildActionMask = 2147483647;
			files = (
			);
			runOnlyForDeploymentPostprocessing = 0;
		};
		90AEEF292AA5719000E28133 /* Frameworks */ = {
			isa = PBXFrameworksBuildPhase;
			buildActionMask = 2147483647;
			files = (
			);
			runOnlyForDeploymentPostprocessing = 0;
		};
		90AEEF332AA5719000E28133 /* Frameworks */ = {
			isa = PBXFrameworksBuildPhase;
			buildActionMask = 2147483647;
			files = (
			);
			runOnlyForDeploymentPostprocessing = 0;
		};
/* End PBXFrameworksBuildPhase section */

/* Begin PBXGroup section */
		90AEEF132AA5718F00E28133 = {
			isa = PBXGroup;
			children = (
				90AEEF1E2AA5718F00E28133 /* trs App */,
				90AEEF2F2AA5719000E28133 /* trs AppTests */,
				90AEEF392AA5719000E28133 /* trs AppUITests */,
				90AEEF1D2AA5718F00E28133 /* Products */,
			);
			sourceTree = "<group>";
		};
		90AEEF1D2AA5718F00E28133 /* Products */ = {
			isa = PBXGroup;
			children = (
				90AEEF1C2AA5718F00E28133 /* trs App.app */,
				90AEEF2C2AA5719000E28133 /* trs AppTests.xctest */,
				90AEEF362AA5719000E28133 /* trs AppUITests.xctest */,
			);
			name = Products;
			sourceTree = "<group>";
		};
		90AEEF1E2AA5718F00E28133 /* trs App */ = {
			isa = PBXGroup;
			children = (
				90AEEF1F2AA5718F00E28133 /* trs_AppApp.swift */,
				90AEEF212AA5718F00E28133 /* ContentView.swift */,
				90AEEF232AA5719000E28133 /* Assets.xcassets */,
				90AEEF252AA5719000E28133 /* Preview Content */,
			);
			path = "trs App";
			sourceTree = "<group>";
		};
		90AEEF252AA5719000E28133 /* Preview Content */ = {
			isa = PBXGroup;
			children = (
				90AEEF262AA5719000E28133 /* Preview Assets.xcassets */,
			);
			path = "Preview Content";
			sourceTree = "<group>";
		};
		90AEEF2F2AA5719000E28133 /* trs AppTests */ = {
			isa = PBXGroup;
			children = (
				90AEEF302AA5719000E28133 /* trs_AppTests.swift */,
			);
			path = "trs AppTests";
			sourceTree = "<group>";
		};
		90AEEF392AA5719000E28133 /* trs AppUITests */ = {
			isa = PBXGroup;
			children = (
				90AEEF3A2AA5719000E28133 /* trs_AppUITests.swift */,
				90AEEF3C2AA5719000E28133 /* trs_AppUITestsLaunchTests.swift */,
			);
			path = "trs AppUITests";
			sourceTree = "<group>";
		};
/* End PBXGroup section */

/* Begin PBXNativeTarget section */
		90AEEF1B2AA5718F00E28133 /* trs App */ = {
			isa = PBXNativeTarget;
			buildConfigurationList = 90AEEF402AA5719000E28133 /* Build configuration list for PBXNativeTarget "trs App" */;
			buildPhases = (
				90AEEF182AA5718F00E28133 /* Sources */,
				90AEEF192AA5718F00E28133 /* Frameworks */,
				90AEEF1A2AA5718F00E28133 /* Resources */,
			);
			buildRules = (
			);
			dependencies = (
			);
			name = "trs App";
			productName = "trs App";
			productReference = 90AEEF1C2AA5718F00E28133 /* trs App.app */;
			productType = "com.apple.product-type.application";
		};
		90AEEF2B2AA5719000E28133 /* trs AppTests */ = {
			isa = PBXNativeTarget;
			buildConfigurationList = 90AEEF432AA5719000E28133 /* Build configuration list for PBXNativeTarget "trs AppTests" */;
			buildPhases = (
				90AEEF282AA5719000E28133 /* Sources */,
				90AEEF292AA5719000E28133 /* Frameworks */,
				90AEEF2A2AA5719000E28133 /* Resources */,
			);
			buildRules = (
			);
			dependencies = (
				90AEEF2E2AA5719000E28133 /* PBXTargetDependency */,
			);
			name = "trs AppTests";
			productName = "trs AppTests";
			productReference = 90AEEF2C2AA5719000E28133 /* trs AppTests.xctest */;
			productType = "com.apple.product-type.bundle.unit-test";
		};
		90AEEF352AA5719000E28133 /* trs AppUITests */ = {
			isa = PBXNativeTarget;
			buildConfigurationList = 90AEEF462AA5719000E28133 /* Build configuration list for PBXNativeTarget "trs AppUITests" */;
			buildPhases = (
				90AEEF322AA5719000E28133 /* Sources */,
				90AEEF332AA5719000E28133 /* Frameworks */,
				90AEEF342AA5719000E28133 /* Resources */,
			);
			buildRules = (
			);
			dependencies = (
				90AEEF382AA5719000E28133 /* PBXTargetDependency */,
			);
			name = "trs AppUITests";
			productName = "trs AppUITests";
			productReference = 90AEEF362AA5719000E28133 /* trs AppUITests.xctest */;
			productType = "com.apple.product-type.bundle.ui-testing";
		};
/* End PBXNativeTarget section */

/* Begin PBXProject section */
		90AEEF142AA5718F00E28133 /* Project object */ = {
			isa = PBXProject;
			attributes = {
				BuildIndependentTargetsInParallel = 1;
				LastSwiftUpdateCheck = 1420;
				LastUpgradeCheck = 1420;
				TargetAttributes = {
					90AEEF1B2AA5718F00E28133 = {
						CreatedOnToolsVersion = 14.2;
					};
					90AEEF2B2AA5719000E28133 = {
						CreatedOnToolsVersion = 14.2;
						TestTargetID = 90AEEF1B2AA5718F00E28133;
					};
					90AEEF352AA5719000E28133 = {
						CreatedOnToolsVersion = 14.2;
						TestTargetID = 90AEEF1B2AA5718F00E28133;
					};
				};
			};
			buildConfigurationList = 90AEEF172AA5718F00E28133 /* Build configuration list for PBXProject "trs App" */;
			compatibilityVersion = "Xcode 14.0";
			developmentRegion = en;
			hasScannedForEncodings = 0;
			knownRegions = (
				en,
				Base,
			);
			mainGroup = 90AEEF132AA5718F00E28133;
			productRefGroup = 90AEEF1D2AA5718F00E28133 /* Products */;
			projectDirPath = "";
			projectRoot = "";
			targets = (
				90AEEF1B2AA5718F00E28133 /* trs App */,
				90AEEF2B2AA5719000E28133 /* trs AppTests */,
				90AEEF352AA5719000E28133 /* trs AppUITests */,
			);
		};
/* End PBXProject section */

/* Begin PBXResourcesBuildPhase section */
		90AEEF1A2AA5718F00E28133 /* Resources */ = {
			isa = PBXResourcesBuildPhase;
			buildActionMask = 2147483647;
			files = (
				90AEEF272AA5719000E28133 /* Preview Assets.xcassets in Resources */,
				90AEEF242AA5719000E28133 /* Assets.xcassets in Resources */,
			);
			runOnlyForDeploymentPostprocessing = 0;
		};
		90AEEF2A2AA5719000E28133 /* Resources */ = {
			isa = PBXResourcesBuildPhase;
			buildActionMask = 2147483647;
			files = (
			);
			runOnlyForDeploymentPostprocessing = 0;
		};
		90AEEF342AA5719000E28133 /* Resources */ = {
			isa = PBXResourcesBuildPhase;
			buildActionMask = 2147483647;
			files = (
			);
			runOnlyForDeploymentPostprocessing = 0;
		};
/* End PBXResourcesBuildPhase section */

/* Begin PBXSourcesBuildPhase section */
		90AEEF182AA5718F00E28133 /* Sources */ = {
			isa = PBXSourcesBuildPhase;
			buildActionMask = 2147483647;
			files = (
				90AEEF222AA5718F00E28133 /* ContentView.swift in Sources */,
				90AEEF202AA5718F00E28133 /* trs_AppApp.swift in Sources */,
			);
			runOnlyForDeploymentPostprocessing = 0;
		};
		90AEEF282AA5719000E28133 /* Sources */ = {
			isa = PBXSourcesBuildPhase;
			buildActionMask = 2147483647;
			files = (
				90AEEF312AA5719000E28133 /* trs_AppTests.swift in Sources */,
			);
			runOnlyForDeploymentPostprocessing = 0;
		};
		90AEEF322AA5719000E28133 /* Sources */ = {
			isa = PBXSourcesBuildPhase;
			buildActionMask = 2147483647;
			files = (
				90AEEF3D2AA5719000E28133 /* trs_AppUITestsLaunchTests.swift in Sources */,
				90AEEF3B2AA5719000E28133 /* trs_AppUITests.swift in Sources */,
			);
			runOnlyForDeploymentPostprocessing = 0;
		};
/* End PBXSourcesBuildPhase section */

/* Begin PBXTargetDependency section */
		90AEEF2E2AA5719000E28133 /* PBXTargetDependency */ = {
			isa = PBXTargetDependency;
			target = 90AEEF1B2AA5718F00E28133 /* trs App */;
			targetProxy = 90AEEF2D2AA5719000E28133 /* PBXContainerItemProxy */;
		};
		90AEEF382AA5719000E28133 /* PBXTargetDependency */ = {
			isa = PBXTargetDependency;
			target = 90AEEF1B2AA5718F00E28133 /* trs App */;
			targetProxy = 90AEEF372AA5719000E28133 /* PBXContainerItemProxy */;
		};
/* End PBXTargetDependency section */

/* Begin XCBuildConfiguration section */
		90AEEF3E2AA5719000E28133 /* Debug */ = {
			isa = XCBuildConfiguration;
			buildSettings = {
				ALWAYS_SEARCH_USER_PATHS = NO;
				CLANG_ANALYZER_NONNULL = YES;
				CLANG_ANALYZER_NUMBER_OBJECT_CONVERSION = YES_AGGRESSIVE;
				CLANG_CXX_LANGUAGE_STANDARD = "gnu++20";
				CLANG_ENABLE_MODULES = YES;
				CLANG_ENABLE_OBJC_ARC = YES;
				CLANG_ENABLE_OBJC_WEAK = YES;
				CLANG_WARN_BLOCK_CAPTURE_AUTORELEASING = YES;
				CLANG_WARN_BOOL_CONVERSION = YES;
				CLANG_WARN_COMMA = YES;
				CLANG_WARN_CONSTANT_CONVERSION = YES;
				CLANG_WARN_DEPRECATED_OBJC_IMPLEMENTATIONS = YES;
				CLANG_WARN_DIRECT_OBJC_ISA_USAGE = YES_ERROR;
				CLANG_WARN_DOCUMENTATION_COMMENTS = YES;
				CLANG_WARN_EMPTY_BODY = YES;
				CLANG_WARN_ENUM_CONVERSION = YES;
				CLANG_WARN_INFINITE_RECURSION = YES;
				CLANG_WARN_INT_CONVERSION = YES;
				CLANG_WARN_NON_LITERAL_NULL_CONVERSION = YES;
				CLANG_WARN_OBJC_IMPLICIT_RETAIN_SELF = YES;
				CLANG_WARN_OBJC_LITERAL_CONVERSION = YES;
				CLANG_WARN_OBJC_ROOT_CLASS = YES_ERROR;
				CLANG_WARN_QUOTED_INCLUDE_IN_FRAMEWORK_HEADER = YES;
				CLANG_WARN_RANGE_LOOP_ANALYSIS = YES;
				CLANG_WARN_STRICT_PROTOTYPES = YES;
				CLANG_WARN_SUSPICIOUS_MOVE = YES;
				CLANG_WARN_UNGUARDED_AVAILABILITY = YES_AGGRESSIVE;
				CLANG_WARN_UNREACHABLE_CODE = YES;
				CLANG_WARN__DUPLICATE_METHOD_MATCH = YES;
				COPY_PHASE_STRIP = NO;
				DEBUG_INFORMATION_FORMAT = dwarf;
				ENABLE_STRICT_OBJC_MSGSEND = YES;
				ENABLE_TESTABILITY = YES;
				GCC_C_LANGUAGE_STANDARD = gnu11;
				GCC_DYNAMIC_NO_PIC = NO;
				GCC_NO_COMMON_BLOCKS = YES;
				GCC_OPTIMIZATION_LEVEL = 0;
				GCC_PREPROCESSOR_DEFINITIONS = (
					"DEBUG=1",
					"$(inherited)",
				);
				GCC_WARN_64_TO_32_BIT_CONVERSION = YES;
				GCC_WARN_ABOUT_RETURN_TYPE = YES_ERROR;
				GCC_WARN_UNDECLARED_SELECTOR = YES;
				GCC_WARN_UNINITIALIZED_AUTOS = YES_AGGRESSIVE;
				GCC_WARN_UNUSED_FUNCTION = YES;
				GCC_WARN_UNUSED_VARIABLE = YES;
				IPHONEOS_DEPLOYMENT_TARGET = 16.2;
				MTL_ENABLE_DEBUG_INFO = INCLUDE_SOURCE;
				MTL_FAST_MATH = YES;
				ONLY_ACTIVE_ARCH = YES;
				SDKROOT = iphoneos;
				SWIFT_ACTIVE_COMPILATION_CONDITIONS = DEBUG;
				SWIFT_OPTIMIZATION_LEVEL = "-Onone";
			};
			name = Debug;
		};
		90AEEF3F2AA5719000E28133 /* Release */ = {
			isa = XCBuildConfiguration;
			buildSettings = {
				ALWAYS_SEARCH_USER_PATHS = NO;
				CLANG_ANALYZER_NONNULL = YES;
				CLANG_ANALYZER_NUMBER_OBJECT_CONVERSION = YES_AGGRESSIVE;
				CLANG_CXX_LANGUAGE_STANDARD = "gnu++20";
				CLANG_ENABLE_MODULES = YES;
				CLANG_ENABLE_OBJC_ARC = YES;
				CLANG_ENABLE_OBJC_WEAK = YES;
				CLANG_WARN_BLOCK_CAPTURE_AUTORELEASING = YES;
				CLANG_WARN_BOOL_CONVERSION = YES;
				CLANG_WARN_COMMA = YES;
				CLANG_WARN_CONSTANT_CONVERSION = YES;
				CLANG_WARN_DEPRECATED_OBJC_IMPLEMENTATIONS = YES;
				CLANG_WARN_DIRECT_OBJC_ISA_USAGE = YES_ERROR;
				CLANG_WARN_DOCUMENTATION_COMMENTS = YES;
				CLANG_WARN_EMPTY_BODY = YES;
				CLANG_WARN_ENUM_CONVERSION = YES;
				CLANG_WARN_INFINITE_RECURSION = YES;
				CLANG_WARN_INT_CONVERSION = YES;
				CLANG_WARN_NON_LITERAL_NULL_CONVERSION = YES;
				CLANG_WARN_OBJC_IMPLICIT_RETAIN_SELF = YES;
				CLANG_WARN_OBJC_LITERAL_CONVERSION = YES;
				CLANG_WARN_OBJC_ROOT_CLASS = YES_ERROR;
				CLANG_WARN_QUOTED_INCLUDE_IN_FRAMEWORK_HEADER = YES;
				CLANG_WARN_RANGE_LOOP_ANALYSIS = YES;
				CLANG_WARN_STRICT_PROTOTYPES = YES;
				CLANG_WARN_SUSPICIOUS_MOVE = YES;
				CLANG_WARN_UNGUARDED_AVAILABILITY = YES_AGGRESSIVE;
				CLANG_WARN_UNREACHABLE_CODE = YES;
				CLANG_WARN__DUPLICATE_METHOD_MATCH = YES;
				COPY_PHASE_STRIP = NO;
				DEBUG_INFORMATION_FORMAT = "dwarf-with-dsym";
				ENABLE_NS_ASSERTIONS = NO;
				ENABLE_STRICT_OBJC_MSGSEND = YES;
				GCC_C_LANGUAGE_STANDARD = gnu11;
				GCC_NO_COMMON_BLOCKS = YES;
				GCC_WARN_64_TO_32_BIT_CONVERSION = YES;
				GCC_WARN_ABOUT_RETURN_TYPE = YES_ERROR;
				GCC_WARN_UNDECLARED_SELECTOR = YES;
				GCC_WARN_UNINITIALIZED_AUTOS = YES_AGGRESSIVE;
				GCC_WARN_UNUSED_FUNCTION = YES;
				GCC_WARN_UNUSED_VARIABLE = YES;
				IPHONEOS_DEPLOYMENT_TARGET = 16.2;
				MTL_ENABLE_DEBUG_INFO = NO;
				MTL_FAST_MATH = YES;
				SDKROOT = iphoneos;
				SWIFT_COMPILATION_MODE = wholemodule;
				SWIFT_OPTIMIZATION_LEVEL = "-O";
				VALIDATE_PRODUCT = YES;
			};
			name = Release;
		};
		90AEEF412AA5719000E28133 /* Debug */ = {
			isa = XCBuildConfiguration;
			buildSettings = {
				ASSETCATALOG_COMPILER_APPICON_NAME = AppIcon;
				ASSETCATALOG_COMPILER_GLOBAL_ACCENT_COLOR_NAME = AccentColor;
				CODE_SIGN_STYLE = Automatic;
				CURRENT_PROJECT_VERSION = 1;
				DEVELOPMENT_ASSET_PATHS = "\"trs App/Preview Content\"";
				ENABLE_PREVIEWS = YES;
				GENERATE_INFOPLIST_FILE = YES;
				INFOPLIST_KEY_UIApplicationSceneManifest_Generation = YES;
				INFOPLIST_KEY_UIApplicationSupportsIndirectInputEvents = YES;
				INFOPLIST_KEY_UILaunchScreen_Generation = YES;
				INFOPLIST_KEY_UISupportedInterfaceOrientations_iPad = "UIInterfaceOrientationPortrait UIInterfaceOrientationPortraitUpsideDown UIInterfaceOrientationLandscapeLeft UIInterfaceOrientationLandscapeRight";
				INFOPLIST_KEY_UISupportedInterfaceOrientations_iPhone = "UIInterfaceOrientationPortrait UIInterfaceOrientationLandscapeLeft UIInterfaceOrientationLandscapeRight";
				LD_RUNPATH_SEARCH_PATHS = (
					"$(inherited)",
					"@executable_path/Frameworks",
				);
				MARKETING_VERSION = 1.0;
				PRODUCT_BUNDLE_IDENTIFIER = "com.raenadya.trs-App";
				PRODUCT_NAME = "$(TARGET_NAME)";
				SWIFT_EMIT_LOC_STRINGS = YES;
				SWIFT_VERSION = 5.0;
				TARGETED_DEVICE_FAMILY = "1,2";
			};
			name = Debug;
		};
		90AEEF422AA5719000E28133 /* Release */ = {
			isa = XCBuildConfiguration;
			buildSettings = {
				ASSETCATALOG_COMPILER_APPICON_NAME = AppIcon;
				ASSETCATALOG_COMPILER_GLOBAL_ACCENT_COLOR_NAME = AccentColor;
				CODE_SIGN_STYLE = Automatic;
				CURRENT_PROJECT_VERSION = 1;
				DEVELOPMENT_ASSET_PATHS = "\"trs App/Preview Content\"";
				ENABLE_PREVIEWS = YES;
				GENERATE_INFOPLIST_FILE = YES;
				INFOPLIST_KEY_UIApplicationSceneManifest_Generation = YES;
				INFOPLIST_KEY_UIApplicationSupportsIndirectInputEvents = YES;
				INFOPLIST_KEY_UILaunchScreen_Generation = YES;
				INFOPLIST_KEY_UISupportedInterfaceOrientations_iPad = "UIInterfaceOrientationPortrait UIInterfaceOrientationPortraitUpsideDown UIInterfaceOrientationLandscapeLeft UIInterfaceOrientationLandscapeRight";
				INFOPLIST_KEY_UISupportedInterfaceOrientations_iPhone = "UIInterfaceOrientationPortrait UIInterfaceOrientationLandscapeLeft UIInterfaceOrientationLandscapeRight";
				LD_RUNPATH_SEARCH_PATHS = (
					"$(inherited)",
					"@executable_path/Frameworks",
				);
				MARKETING_VERSION = 1.0;
				PRODUCT_BUNDLE_IDENTIFIER = "com.raenadya.trs-App";
				PRODUCT_NAME = "$(TARGET_NAME)";
				SWIFT_EMIT_LOC_STRINGS = YES;
				SWIFT_VERSION = 5.0;
				TARGETED_DEVICE_FAMILY = "1,2";
			};
			name = Release;
		};
		90AEEF442AA5719000E28133 /* Debug */ = {
			isa = XCBuildConfiguration;
			buildSettings = {
				ALWAYS_EMBED_SWIFT_STANDARD_LIBRARIES = YES;
				BUNDLE_LOADER = "$(TEST_HOST)";
				CODE_SIGN_STYLE = Automatic;
				CURRENT_PROJECT_VERSION = 1;
				GENERATE_INFOPLIST_FILE = YES;
				IPHONEOS_DEPLOYMENT_TARGET = 16.2;
				MARKETING_VERSION = 1.0;
				PRODUCT_BUNDLE_IDENTIFIER = "com.raenadya.trs-AppTests";
				PRODUCT_NAME = "$(TARGET_NAME)";
				SWIFT_EMIT_LOC_STRINGS = NO;
				SWIFT_VERSION = 5.0;
				TARGETED_DEVICE_FAMILY = "1,2";
				TEST_HOST = "$(BUILT_PRODUCTS_DIR)/trs App.app/$(BUNDLE_EXECUTABLE_FOLDER_PATH)/trs App";
			};
			name = Debug;
		};
		90AEEF452AA5719000E28133 /* Release */ = {
			isa = XCBuildConfiguration;
			buildSettings = {
				ALWAYS_EMBED_SWIFT_STANDARD_LIBRARIES = YES;
				BUNDLE_LOADER = "$(TEST_HOST)";
				CODE_SIGN_STYLE = Automatic;
				CURRENT_PROJECT_VERSION = 1;
				GENERATE_INFOPLIST_FILE = YES;
				IPHONEOS_DEPLOYMENT_TARGET = 16.2;
				MARKETING_VERSION = 1.0;
				PRODUCT_BUNDLE_IDENTIFIER = "com.raenadya.trs-AppTests";
				PRODUCT_NAME = "$(TARGET_NAME)";
				SWIFT_EMIT_LOC_STRINGS = NO;
				SWIFT_VERSION = 5.0;
				TARGETED_DEVICE_FAMILY = "1,2";
				TEST_HOST = "$(BUILT_PRODUCTS_DIR)/trs App.app/$(BUNDLE_EXECUTABLE_FOLDER_PATH)/trs App";
			};
			name = Release;
		};
		90AEEF472AA5719000E28133 /* Debug */ = {
			isa = XCBuildConfiguration;
			buildSettings = {
				ALWAYS_EMBED_SWIFT_STANDARD_LIBRARIES = YES;
				CODE_SIGN_STYLE = Automatic;
				CURRENT_PROJECT_VERSION = 1;
				GENERATE_INFOPLIST_FILE = YES;
				MARKETING_VERSION = 1.0;
				PRODUCT_BUNDLE_IDENTIFIER = "com.raenadya.trs-AppUITests";
				PRODUCT_NAME = "$(TARGET_NAME)";
				SWIFT_EMIT_LOC_STRINGS = NO;
				SWIFT_VERSION = 5.0;
				TARGETED_DEVICE_FAMILY = "1,2";
				TEST_TARGET_NAME = "trs App";
			};
			name = Debug;
		};
		90AEEF482AA5719000E28133 /* Release */ = {
			isa = XCBuildConfiguration;
			buildSettings = {
				ALWAYS_EMBED_SWIFT_STANDARD_LIBRARIES = YES;
				CODE_SIGN_STYLE = Automatic;
				CURRENT_PROJECT_VERSION = 1;
				GENERATE_INFOPLIST_FILE = YES;
				MARKETING_VERSION = 1.0;
				PRODUCT_BUNDLE_IDENTIFIER = "com.raenadya.trs-AppUITests";
				PRODUCT_NAME = "$(TARGET_NAME)";
				SWIFT_EMIT_LOC_STRINGS = NO;
				SWIFT_VERSION = 5.0;
				TARGETED_DEVICE_FAMILY = "1,2";
				TEST_TARGET_NAME = "trs App";
			};
			name = Release;
		};
/* End XCBuildConfiguration section */

/* Begin XCConfigurationList section */
		90AEEF172AA5718F00E28133 /* Build configuration list for PBXProject "trs App" */ = {
			isa = XCConfigurationList;
			buildConfigurations = (
				90AEEF3E2AA5719000E28133 /* Debug */,
				90AEEF3F2AA5719000E28133 /* Release */,
			);
			defaultConfigurationIsVisible = 0;
			defaultConfigurationName = Release;
		};
		90AEEF402AA5719000E28133 /* Build configuration list for PBXNativeTarget "trs App" */ = {
			isa = XCConfigurationList;
			buildConfigurations = (
				90AEEF412AA5719000E28133 /* Debug */,
				90AEEF422AA5719000E28133 /* Release */,
			);
			defaultConfigurationIsVisible = 0;
			defaultConfigurationName = Release;
		};
		90AEEF432AA5719000E28133 /* Build configuration list for PBXNativeTarget "trs AppTests" */ = {
			isa = XCConfigurationList;
			buildConfigurations = (
				90AEEF442AA5719000E28133 /* Debug */,
				90AEEF452AA5719000E28133 /* Release */,
			);
			defaultConfigurationIsVisible = 0;
			defaultConfigurationName = Release;
		};
		90AEEF462AA5719000E28133 /* Build configuration list for PBXNativeTarget "trs AppUITests" */ = {
			isa = XCConfigurationList;
			buildConfigurations = (
				90AEEF472AA5719000E28133 /* Debug */,
				90AEEF482AA5719000E28133 /* Release */,
			);
			defaultConfigurationIsVisible = 0;
			defaultConfigurationName = Release;
		};
/* End XCConfigurationList section */
	};
	rootObject = 90AEEF142AA5718F00E28133 /* Project object */;
}
