// !$*UTF8*$!
{
	archiveVersion = 1;
	classes = {
	};
	objectVersion = 56;
	objects = {

/* Begin PBXBuildFile section */
		1D3021B52B0865D7006F8939 /* AddSheetView.swift in Sources */ = {isa = PBXBuildFile; fileRef = 1D3021B42B0865D7006F8939 /* AddSheetView.swift */; };
		1DAD4DB32B0721A90069572A /* AvatarView.swift in Sources */ = {isa = PBXBuildFile; fileRef = 1DAD4DB22B0721A90069572A /* AvatarView.swift */; };
		9041988E2B0AFA6B003652F9 /* EditCredentialView.swift in Sources */ = {isa = PBXBuildFile; fileRef = 9041988D2B0AFA6B003652F9 /* EditCredentialView.swift */; };
		90AEEF202AA5718F00E28133 /* trs_AppApp.swift in Sources */ = {isa = PBXBuildFile; fileRef = 90AEEF1F2AA5718F00E28133 /* trs_AppApp.swift */; };
		90AEEF222AA5718F00E28133 /* ContentView.swift in Sources */ = {isa = PBXBuildFile; fileRef = 90AEEF212AA5718F00E28133 /* ContentView.swift */; };
		90AEEF242AA5719000E28133 /* Assets.xcassets in Resources */ = {isa = PBXBuildFile; fileRef = 90AEEF232AA5719000E28133 /* Assets.xcassets */; };
		90AEEF272AA5719000E28133 /* Preview Assets.xcassets in Resources */ = {isa = PBXBuildFile; fileRef = 90AEEF262AA5719000E28133 /* Preview Assets.xcassets */; };
		90B0A1E42B071D7A0001C32F /* SwiftPersistence in Frameworks */ = {isa = PBXBuildFile; productRef = 90B0A1E32B071D7A0001C32F /* SwiftPersistence */; };
		90B0A1E62B0845BC0001C32F /* TipsView.swift in Sources */ = {isa = PBXBuildFile; fileRef = 90B0A1E52B0845BC0001C32F /* TipsView.swift */; };
		F33E68BC2B086E7F00DED94F /* CredentialInformationView.swift in Sources */ = {isa = PBXBuildFile; fileRef = F33E68BB2B086E7F00DED94F /* CredentialInformationView.swift */; };
		F36CA2812B06712B0097620C /* PortfolioView.swift in Sources */ = {isa = PBXBuildFile; fileRef = F36CA2802B06712B0097620C /* PortfolioView.swift */; };
		F36CA2832B0674EE0097620C /* ScheduleView.swift in Sources */ = {isa = PBXBuildFile; fileRef = F36CA2822B0674EE0097620C /* ScheduleView.swift */; };
		F36CA2852B0675100097620C /* SettingsView.swift in Sources */ = {isa = PBXBuildFile; fileRef = F36CA2842B0675100097620C /* SettingsView.swift */; };
		F36CA28D2B06834D0097620C /* FilterButtons.swift in Sources */ = {isa = PBXBuildFile; fileRef = F36CA28C2B06834D0097620C /* FilterButtons.swift */; };
		F36CA28F2B0683B30097620C /* CategoriesView.swift in Sources */ = {isa = PBXBuildFile; fileRef = F36CA28E2B0683B30097620C /* CategoriesView.swift */; };
		F36CA2912B06F6410097620C /* Color+Hex.swift in Sources */ = {isa = PBXBuildFile; fileRef = F36CA2902B06F6410097620C /* Color+Hex.swift */; };
		F36CA2932B06F8D70097620C /* FilterManager.swift in Sources */ = {isa = PBXBuildFile; fileRef = F36CA2922B06F8D70097620C /* FilterManager.swift */; };
		F36CA2962B06FBBF0097620C /* NewCredentialsView.swift in Sources */ = {isa = PBXBuildFile; fileRef = F36CA2952B06FBBF0097620C /* NewCredentialsView.swift */; };
		F36CA2982B0709160097620C /* CredentialsManager.swift in Sources */ = {isa = PBXBuildFile; fileRef = F36CA2972B0709160097620C /* CredentialsManager.swift */; };
/* End PBXBuildFile section */

/* Begin PBXFileReference section */
		1D3021B42B0865D7006F8939 /* AddSheetView.swift */ = {isa = PBXFileReference; lastKnownFileType = sourcecode.swift; path = AddSheetView.swift; sourceTree = "<group>"; };
		1DAD4DB22B0721A90069572A /* AvatarView.swift */ = {isa = PBXFileReference; lastKnownFileType = sourcecode.swift; path = AvatarView.swift; sourceTree = "<group>"; };
		9041988D2B0AFA6B003652F9 /* EditCredentialView.swift */ = {isa = PBXFileReference; lastKnownFileType = sourcecode.swift; path = EditCredentialView.swift; sourceTree = "<group>"; };
		90AEEF1C2AA5718F00E28133 /* trs App.app */ = {isa = PBXFileReference; explicitFileType = wrapper.application; includeInIndex = 0; path = "trs App.app"; sourceTree = BUILT_PRODUCTS_DIR; };
		90AEEF1F2AA5718F00E28133 /* trs_AppApp.swift */ = {isa = PBXFileReference; lastKnownFileType = sourcecode.swift; path = trs_AppApp.swift; sourceTree = "<group>"; };
		90AEEF212AA5718F00E28133 /* ContentView.swift */ = {isa = PBXFileReference; lastKnownFileType = sourcecode.swift; path = ContentView.swift; sourceTree = "<group>"; };
		90AEEF232AA5719000E28133 /* Assets.xcassets */ = {isa = PBXFileReference; lastKnownFileType = folder.assetcatalog; path = Assets.xcassets; sourceTree = "<group>"; };
		90AEEF262AA5719000E28133 /* Preview Assets.xcassets */ = {isa = PBXFileReference; lastKnownFileType = folder.assetcatalog; path = "Preview Assets.xcassets"; sourceTree = "<group>"; };
		90B0A1E52B0845BC0001C32F /* TipsView.swift */ = {isa = PBXFileReference; lastKnownFileType = sourcecode.swift; path = TipsView.swift; sourceTree = "<group>"; };
		F33E68BB2B086E7F00DED94F /* CredentialInformationView.swift */ = {isa = PBXFileReference; lastKnownFileType = sourcecode.swift; path = CredentialInformationView.swift; sourceTree = "<group>"; };
		F36CA2802B06712B0097620C /* PortfolioView.swift */ = {isa = PBXFileReference; lastKnownFileType = sourcecode.swift; path = PortfolioView.swift; sourceTree = "<group>"; };
		F36CA2822B0674EE0097620C /* ScheduleView.swift */ = {isa = PBXFileReference; lastKnownFileType = sourcecode.swift; path = ScheduleView.swift; sourceTree = "<group>"; };
		F36CA2842B0675100097620C /* SettingsView.swift */ = {isa = PBXFileReference; lastKnownFileType = sourcecode.swift; path = SettingsView.swift; sourceTree = "<group>"; };
		F36CA28C2B06834D0097620C /* FilterButtons.swift */ = {isa = PBXFileReference; lastKnownFileType = sourcecode.swift; path = FilterButtons.swift; sourceTree = "<group>"; };
		F36CA28E2B0683B30097620C /* CategoriesView.swift */ = {isa = PBXFileReference; lastKnownFileType = sourcecode.swift; path = CategoriesView.swift; sourceTree = "<group>"; };
		F36CA2902B06F6410097620C /* Color+Hex.swift */ = {isa = PBXFileReference; lastKnownFileType = sourcecode.swift; path = "Color+Hex.swift"; sourceTree = "<group>"; };
		F36CA2922B06F8D70097620C /* FilterManager.swift */ = {isa = PBXFileReference; lastKnownFileType = sourcecode.swift; path = FilterManager.swift; sourceTree = "<group>"; };
		F36CA2952B06FBBF0097620C /* NewCredentialsView.swift */ = {isa = PBXFileReference; lastKnownFileType = sourcecode.swift; path = NewCredentialsView.swift; sourceTree = "<group>"; };
		F36CA2972B0709160097620C /* CredentialsManager.swift */ = {isa = PBXFileReference; lastKnownFileType = sourcecode.swift; path = CredentialsManager.swift; sourceTree = "<group>"; };
/* End PBXFileReference section */

/* Begin PBXFrameworksBuildPhase section */
		90AEEF192AA5718F00E28133 /* Frameworks */ = {
			isa = PBXFrameworksBuildPhase;
			buildActionMask = 2147483647;
			files = (
				90B0A1E42B071D7A0001C32F /* SwiftPersistence in Frameworks */,
			);
			runOnlyForDeploymentPostprocessing = 0;
		};
/* End PBXFrameworksBuildPhase section */

/* Begin PBXGroup section */
		90AEEF132AA5718F00E28133 = {
			isa = PBXGroup;
			children = (
				90AEEF1E2AA5718F00E28133 /* trs App */,
				90AEEF1D2AA5718F00E28133 /* Products */,
			);
			sourceTree = "<group>";
		};
		90AEEF1D2AA5718F00E28133 /* Products */ = {
			isa = PBXGroup;
			children = (
				90AEEF1C2AA5718F00E28133 /* trs App.app */,
			);
			name = Products;
			sourceTree = "<group>";
		};
		90AEEF1E2AA5718F00E28133 /* trs App */ = {
			isa = PBXGroup;
			children = (
				F36CA27D2B0670C50097620C /* Application */,
				F36CA27E2B0670D90097620C /* Main */,
				90AEEF232AA5719000E28133 /* Assets.xcassets */,
				90AEEF252AA5719000E28133 /* Preview Content */,
			);
			path = "trs App";
			sourceTree = "<group>";
		};
		90AEEF252AA5719000E28133 /* Preview Content */ = {
			isa = PBXGroup;
			children = (
				90AEEF262AA5719000E28133 /* Preview Assets.xcassets */,
			);
			path = "Preview Content";
			sourceTree = "<group>";
		};
		90B0A1E72B0846120001C32F /* Tips */ = {
			isa = PBXGroup;
			children = (
				90B0A1E52B0845BC0001C32F /* TipsView.swift */,
			);
			path = Tips;
			sourceTree = "<group>";
		};
		F36CA27D2B0670C50097620C /* Application */ = {
			isa = PBXGroup;
			children = (
				90AEEF1F2AA5718F00E28133 /* trs_AppApp.swift */,
				90AEEF212AA5718F00E28133 /* ContentView.swift */,
			);
			path = Application;
			sourceTree = "<group>";
		};
		F36CA27E2B0670D90097620C /* Main */ = {
			isa = PBXGroup;
			children = (
				F36CA2882B0683140097620C /* Managers */,
				F36CA2862B0682850097620C /* Components */,
				F36CA27F2B0670E20097620C /* UI */,
			);
			path = Main;
			sourceTree = "<group>";
		};
		F36CA27F2B0670E20097620C /* UI */ = {
			isa = PBXGroup;
			children = (
				90B0A1E72B0846120001C32F /* Tips */,
				F36CA2892B0683260097620C /* Portfolio */,
				F36CA2942B06FB430097620C /* Adding Credentials */,
				F36CA28A2B06832F0097620C /* Schedule */,
				F36CA28B2B0683340097620C /* Settings */,
			);
			path = UI;
			sourceTree = "<group>";
		};
		F36CA2862B0682850097620C /* Components */ = {
			isa = PBXGroup;
			children = (
				F36CA2902B06F6410097620C /* Color+Hex.swift */,
				F36CA2872B06828D0097620C /* Portfolio */,
			);
			path = Components;
			sourceTree = "<group>";
		};
		F36CA2872B06828D0097620C /* Portfolio */ = {
			isa = PBXGroup;
			children = (
				F36CA28C2B06834D0097620C /* FilterButtons.swift */,
			);
			path = Portfolio;
			sourceTree = "<group>";
		};
		F36CA2882B0683140097620C /* Managers */ = {
			isa = PBXGroup;
			children = (
				F36CA2922B06F8D70097620C /* FilterManager.swift */,
				F36CA2972B0709160097620C /* CredentialsManager.swift */,
			);
			path = Managers;
			sourceTree = "<group>";
		};
		F36CA2892B0683260097620C /* Portfolio */ = {
			isa = PBXGroup;
			children = (
				F36CA2802B06712B0097620C /* PortfolioView.swift */,
				F33E68BB2B086E7F00DED94F /* CredentialInformationView.swift */,
				9041988D2B0AFA6B003652F9 /* EditCredentialView.swift */,
			);
			path = Portfolio;
			sourceTree = "<group>";
		};
		F36CA28A2B06832F0097620C /* Schedule */ = {
			isa = PBXGroup;
			children = (
				F36CA2822B0674EE0097620C /* ScheduleView.swift */,
				1D3021B42B0865D7006F8939 /* AddSheetView.swift */,
			);
			path = Schedule;
			sourceTree = "<group>";
		};
		F36CA28B2B0683340097620C /* Settings */ = {
			isa = PBXGroup;
			children = (
				F36CA2842B0675100097620C /* SettingsView.swift */,
				1DAD4DB22B0721A90069572A /* AvatarView.swift */,
			);
			path = Settings;
			sourceTree = "<group>";
		};
		F36CA2942B06FB430097620C /* Adding Credentials */ = {
			isa = PBXGroup;
			children = (
				F36CA28E2B0683B30097620C /* CategoriesView.swift */,
				F36CA2952B06FBBF0097620C /* NewCredentialsView.swift */,
			);
			path = "Adding Credentials";
			sourceTree = "<group>";
		};
/* End PBXGroup section */

/* Begin PBXNativeTarget section */
		90AEEF1B2AA5718F00E28133 /* trs App */ = {
			isa = PBXNativeTarget;
			buildConfigurationList = 90AEEF402AA5719000E28133 /* Build configuration list for PBXNativeTarget "trs App" */;
			buildPhases = (
				90AEEF182AA5718F00E28133 /* Sources */,
				90AEEF192AA5718F00E28133 /* Frameworks */,
				90AEEF1A2AA5718F00E28133 /* Resources */,
			);
			buildRules = (
			);
			dependencies = (
			);
			name = "trs App";
			packageProductDependencies = (
				90B0A1E32B071D7A0001C32F /* SwiftPersistence */,
			);
			productName = "trs App";
			productReference = 90AEEF1C2AA5718F00E28133 /* trs App.app */;
			productType = "com.apple.product-type.application";
		};
/* End PBXNativeTarget section */

/* Begin PBXProject section */
		90AEEF142AA5718F00E28133 /* Project object */ = {
			isa = PBXProject;
			attributes = {
				BuildIndependentTargetsInParallel = 1;
				LastSwiftUpdateCheck = 1420;
				LastUpgradeCheck = 1510;
				TargetAttributes = {
					90AEEF1B2AA5718F00E28133 = {
						CreatedOnToolsVersion = 14.2;
					};
				};
			};
			buildConfigurationList = 90AEEF172AA5718F00E28133 /* Build configuration list for PBXProject "trs App" */;
			compatibilityVersion = "Xcode 14.0";
			developmentRegion = en;
			hasScannedForEncodings = 0;
			knownRegions = (
				en,
				Base,
			);
			mainGroup = 90AEEF132AA5718F00E28133;
			packageReferences = (
				90B0A1E22B071D7A0001C32F /* XCRemoteSwiftPackageReference "SwiftPersistence" */,
			);
			productRefGroup = 90AEEF1D2AA5718F00E28133 /* Products */;
			projectDirPath = "";
			projectRoot = "";
			targets = (
				90AEEF1B2AA5718F00E28133 /* trs App */,
			);
		};
/* End PBXProject section */

/* Begin PBXResourcesBuildPhase section */
		90AEEF1A2AA5718F00E28133 /* Resources */ = {
			isa = PBXResourcesBuildPhase;
			buildActionMask = 2147483647;
			files = (
				90AEEF272AA5719000E28133 /* Preview Assets.xcassets in Resources */,
				90AEEF242AA5719000E28133 /* Assets.xcassets in Resources */,
			);
			runOnlyForDeploymentPostprocessing = 0;
		};
/* End PBXResourcesBuildPhase section */

/* Begin PBXSourcesBuildPhase section */
		90AEEF182AA5718F00E28133 /* Sources */ = {
			isa = PBXSourcesBuildPhase;
			buildActionMask = 2147483647;
			files = (
				F36CA2852B0675100097620C /* SettingsView.swift in Sources */,
				1DAD4DB32B0721A90069572A /* AvatarView.swift in Sources */,
				F36CA2982B0709160097620C /* CredentialsManager.swift in Sources */,
				F36CA2912B06F6410097620C /* Color+Hex.swift in Sources */,
				F36CA2812B06712B0097620C /* PortfolioView.swift in Sources */,
				90B0A1E62B0845BC0001C32F /* TipsView.swift in Sources */,
				F36CA2832B0674EE0097620C /* ScheduleView.swift in Sources */,
				F36CA2962B06FBBF0097620C /* NewCredentialsView.swift in Sources */,
				1D3021B52B0865D7006F8939 /* AddSheetView.swift in Sources */,
				F36CA28D2B06834D0097620C /* FilterButtons.swift in Sources */,
				F36CA2932B06F8D70097620C /* FilterManager.swift in Sources */,
				F33E68BC2B086E7F00DED94F /* CredentialInformationView.swift in Sources */,
				F36CA28F2B0683B30097620C /* CategoriesView.swift in Sources */,
				90AEEF222AA5718F00E28133 /* ContentView.swift in Sources */,
				90AEEF202AA5718F00E28133 /* trs_AppApp.swift in Sources */,
				9041988E2B0AFA6B003652F9 /* EditCredentialView.swift in Sources */,
			);
			runOnlyForDeploymentPostprocessing = 0;
		};
/* End PBXSourcesBuildPhase section */

/* Begin XCBuildConfiguration section */
		90AEEF3E2AA5719000E28133 /* Debug */ = {
			isa = XCBuildConfiguration;
			buildSettings = {
				ALWAYS_SEARCH_USER_PATHS = NO;
				CLANG_ANALYZER_NONNULL = YES;
				CLANG_ANALYZER_NUMBER_OBJECT_CONVERSION = YES_AGGRESSIVE;
				CLANG_CXX_LANGUAGE_STANDARD = "gnu++20";
				CLANG_ENABLE_MODULES = YES;
				CLANG_ENABLE_OBJC_ARC = YES;
				CLANG_ENABLE_OBJC_WEAK = YES;
				CLANG_WARN_BLOCK_CAPTURE_AUTORELEASING = YES;
				CLANG_WARN_BOOL_CONVERSION = YES;
				CLANG_WARN_COMMA = YES;
				CLANG_WARN_CONSTANT_CONVERSION = YES;
				CLANG_WARN_DEPRECATED_OBJC_IMPLEMENTATIONS = YES;
				CLANG_WARN_DIRECT_OBJC_ISA_USAGE = YES_ERROR;
				CLANG_WARN_DOCUMENTATION_COMMENTS = YES;
				CLANG_WARN_EMPTY_BODY = YES;
				CLANG_WARN_ENUM_CONVERSION = YES;
				CLANG_WARN_INFINITE_RECURSION = YES;
				CLANG_WARN_INT_CONVERSION = YES;
				CLANG_WARN_NON_LITERAL_NULL_CONVERSION = YES;
				CLANG_WARN_OBJC_IMPLICIT_RETAIN_SELF = YES;
				CLANG_WARN_OBJC_LITERAL_CONVERSION = YES;
				CLANG_WARN_OBJC_ROOT_CLASS = YES_ERROR;
				CLANG_WARN_QUOTED_INCLUDE_IN_FRAMEWORK_HEADER = YES;
				CLANG_WARN_RANGE_LOOP_ANALYSIS = YES;
				CLANG_WARN_STRICT_PROTOTYPES = YES;
				CLANG_WARN_SUSPICIOUS_MOVE = YES;
				CLANG_WARN_UNGUARDED_AVAILABILITY = YES_AGGRESSIVE;
				CLANG_WARN_UNREACHABLE_CODE = YES;
				CLANG_WARN__DUPLICATE_METHOD_MATCH = YES;
				COPY_PHASE_STRIP = NO;
				DEBUG_INFORMATION_FORMAT = dwarf;
				ENABLE_STRICT_OBJC_MSGSEND = YES;
				ENABLE_TESTABILITY = YES;
				ENABLE_USER_SCRIPT_SANDBOXING = YES;
				GCC_C_LANGUAGE_STANDARD = gnu11;
				GCC_DYNAMIC_NO_PIC = NO;
				GCC_NO_COMMON_BLOCKS = YES;
				GCC_OPTIMIZATION_LEVEL = 0;
				GCC_PREPROCESSOR_DEFINITIONS = (
					"DEBUG=1",
					"$(inherited)",
				);
				GCC_WARN_64_TO_32_BIT_CONVERSION = YES;
				GCC_WARN_ABOUT_RETURN_TYPE = YES_ERROR;
				GCC_WARN_UNDECLARED_SELECTOR = YES;
				GCC_WARN_UNINITIALIZED_AUTOS = YES_AGGRESSIVE;
				GCC_WARN_UNUSED_FUNCTION = YES;
				GCC_WARN_UNUSED_VARIABLE = YES;
				IPHONEOS_DEPLOYMENT_TARGET = 16.2;
				MTL_ENABLE_DEBUG_INFO = INCLUDE_SOURCE;
				MTL_FAST_MATH = YES;
				ONLY_ACTIVE_ARCH = YES;
				SDKROOT = iphoneos;
				SWIFT_ACTIVE_COMPILATION_CONDITIONS = DEBUG;
				SWIFT_OPTIMIZATION_LEVEL = "-Onone";
			};
			name = Debug;
		};
		90AEEF3F2AA5719000E28133 /* Release */ = {
			isa = XCBuildConfiguration;
			buildSettings = {
				ALWAYS_SEARCH_USER_PATHS = NO;
				CLANG_ANALYZER_NONNULL = YES;
				CLANG_ANALYZER_NUMBER_OBJECT_CONVERSION = YES_AGGRESSIVE;
				CLANG_CXX_LANGUAGE_STANDARD = "gnu++20";
				CLANG_ENABLE_MODULES = YES;
				CLANG_ENABLE_OBJC_ARC = YES;
				CLANG_ENABLE_OBJC_WEAK = YES;
				CLANG_WARN_BLOCK_CAPTURE_AUTORELEASING = YES;
				CLANG_WARN_BOOL_CONVERSION = YES;
				CLANG_WARN_COMMA = YES;
				CLANG_WARN_CONSTANT_CONVERSION = YES;
				CLANG_WARN_DEPRECATED_OBJC_IMPLEMENTATIONS = YES;
				CLANG_WARN_DIRECT_OBJC_ISA_USAGE = YES_ERROR;
				CLANG_WARN_DOCUMENTATION_COMMENTS = YES;
				CLANG_WARN_EMPTY_BODY = YES;
				CLANG_WARN_ENUM_CONVERSION = YES;
				CLANG_WARN_INFINITE_RECURSION = YES;
				CLANG_WARN_INT_CONVERSION = YES;
				CLANG_WARN_NON_LITERAL_NULL_CONVERSION = YES;
				CLANG_WARN_OBJC_IMPLICIT_RETAIN_SELF = YES;
				CLANG_WARN_OBJC_LITERAL_CONVERSION = YES;
				CLANG_WARN_OBJC_ROOT_CLASS = YES_ERROR;
				CLANG_WARN_QUOTED_INCLUDE_IN_FRAMEWORK_HEADER = YES;
				CLANG_WARN_RANGE_LOOP_ANALYSIS = YES;
				CLANG_WARN_STRICT_PROTOTYPES = YES;
				CLANG_WARN_SUSPICIOUS_MOVE = YES;
				CLANG_WARN_UNGUARDED_AVAILABILITY = YES_AGGRESSIVE;
				CLANG_WARN_UNREACHABLE_CODE = YES;
				CLANG_WARN__DUPLICATE_METHOD_MATCH = YES;
				COPY_PHASE_STRIP = NO;
				DEBUG_INFORMATION_FORMAT = "dwarf-with-dsym";
				ENABLE_NS_ASSERTIONS = NO;
				ENABLE_STRICT_OBJC_MSGSEND = YES;
				ENABLE_USER_SCRIPT_SANDBOXING = YES;
				GCC_C_LANGUAGE_STANDARD = gnu11;
				GCC_NO_COMMON_BLOCKS = YES;
				GCC_WARN_64_TO_32_BIT_CONVERSION = YES;
				GCC_WARN_ABOUT_RETURN_TYPE = YES_ERROR;
				GCC_WARN_UNDECLARED_SELECTOR = YES;
				GCC_WARN_UNINITIALIZED_AUTOS = YES_AGGRESSIVE;
				GCC_WARN_UNUSED_FUNCTION = YES;
				GCC_WARN_UNUSED_VARIABLE = YES;
				IPHONEOS_DEPLOYMENT_TARGET = 16.2;
				MTL_ENABLE_DEBUG_INFO = NO;
				MTL_FAST_MATH = YES;
				SDKROOT = iphoneos;
				SWIFT_COMPILATION_MODE = wholemodule;
				SWIFT_OPTIMIZATION_LEVEL = "-O";
				VALIDATE_PRODUCT = YES;
			};
			name = Release;
		};
		90AEEF412AA5719000E28133 /* Debug */ = {
			isa = XCBuildConfiguration;
			buildSettings = {
				ASSETCATALOG_COMPILER_APPICON_NAME = AppIcon;
				ASSETCATALOG_COMPILER_GLOBAL_ACCENT_COLOR_NAME = AccentColor;
				CODE_SIGN_STYLE = Automatic;
				CURRENT_PROJECT_VERSION = 1;
				DEVELOPMENT_ASSET_PATHS = "\"trs App/Preview Content\"";
				DEVELOPMENT_TEAM = DBBLGF84W3;
				ENABLE_PREVIEWS = YES;
				GENERATE_INFOPLIST_FILE = YES;
				INFOPLIST_KEY_UIApplicationSceneManifest_Generation = YES;
				INFOPLIST_KEY_UIApplicationSupportsIndirectInputEvents = YES;
				INFOPLIST_KEY_UILaunchScreen_Generation = YES;
				INFOPLIST_KEY_UISupportedInterfaceOrientations_iPad = "UIInterfaceOrientationPortrait UIInterfaceOrientationPortraitUpsideDown UIInterfaceOrientationLandscapeLeft UIInterfaceOrientationLandscapeRight";
				INFOPLIST_KEY_UISupportedInterfaceOrientations_iPhone = "UIInterfaceOrientationPortrait UIInterfaceOrientationLandscapeLeft UIInterfaceOrientationLandscapeRight";
				LD_RUNPATH_SEARCH_PATHS = (
					"$(inherited)",
					"@executable_path/Frameworks",
				);
				MARKETING_VERSION = 1.0;
				PRODUCT_BUNDLE_IDENTIFIER = "com.raenadya.trs-App";
				PRODUCT_NAME = "$(TARGET_NAME)";
				SWIFT_EMIT_LOC_STRINGS = YES;
				SWIFT_VERSION = 5.0;
				TARGETED_DEVICE_FAMILY = "1,2";
			};
			name = Debug;
		};
		90AEEF422AA5719000E28133 /* Release */ = {
			isa = XCBuildConfiguration;
			buildSettings = {
				ASSETCATALOG_COMPILER_APPICON_NAME = AppIcon;
				ASSETCATALOG_COMPILER_GLOBAL_ACCENT_COLOR_NAME = AccentColor;
				CODE_SIGN_STYLE = Automatic;
				CURRENT_PROJECT_VERSION = 1;
				DEVELOPMENT_ASSET_PATHS = "\"trs App/Preview Content\"";
				DEVELOPMENT_TEAM = DBBLGF84W3;
				ENABLE_PREVIEWS = YES;
				GENERATE_INFOPLIST_FILE = YES;
				INFOPLIST_KEY_UIApplicationSceneManifest_Generation = YES;
				INFOPLIST_KEY_UIApplicationSupportsIndirectInputEvents = YES;
				INFOPLIST_KEY_UILaunchScreen_Generation = YES;
				INFOPLIST_KEY_UISupportedInterfaceOrientations_iPad = "UIInterfaceOrientationPortrait UIInterfaceOrientationPortraitUpsideDown UIInterfaceOrientationLandscapeLeft UIInterfaceOrientationLandscapeRight";
				INFOPLIST_KEY_UISupportedInterfaceOrientations_iPhone = "UIInterfaceOrientationPortrait UIInterfaceOrientationLandscapeLeft UIInterfaceOrientationLandscapeRight";
				LD_RUNPATH_SEARCH_PATHS = (
					"$(inherited)",
					"@executable_path/Frameworks",
				);
				MARKETING_VERSION = 1.0;
				PRODUCT_BUNDLE_IDENTIFIER = "com.raenadya.trs-App";
				PRODUCT_NAME = "$(TARGET_NAME)";
				SWIFT_EMIT_LOC_STRINGS = YES;
				SWIFT_VERSION = 5.0;
				TARGETED_DEVICE_FAMILY = "1,2";
			};
			name = Release;
		};
/* End XCBuildConfiguration section */

/* Begin XCConfigurationList section */
		90AEEF172AA5718F00E28133 /* Build configuration list for PBXProject "trs App" */ = {
			isa = XCConfigurationList;
			buildConfigurations = (
				90AEEF3E2AA5719000E28133 /* Debug */,
				90AEEF3F2AA5719000E28133 /* Release */,
			);
			defaultConfigurationIsVisible = 0;
			defaultConfigurationName = Release;
		};
		90AEEF402AA5719000E28133 /* Build configuration list for PBXNativeTarget "trs App" */ = {
			isa = XCConfigurationList;
			buildConfigurations = (
				90AEEF412AA5719000E28133 /* Debug */,
				90AEEF422AA5719000E28133 /* Release */,
			);
			defaultConfigurationIsVisible = 0;
			defaultConfigurationName = Release;
		};
/* End XCConfigurationList section */

/* Begin XCRemoteSwiftPackageReference section */
		90B0A1E22B071D7A0001C32F /* XCRemoteSwiftPackageReference "SwiftPersistence" */ = {
			isa = XCRemoteSwiftPackageReference;
			repositoryURL = "https://github.com/cheesetan/SwiftPersistence";
			requirement = {
				kind = exactVersion;
				version = 1.1.2;
			};
		};
/* End XCRemoteSwiftPackageReference section */

/* Begin XCSwiftPackageProductDependency section */
		90B0A1E32B071D7A0001C32F /* SwiftPersistence */ = {
			isa = XCSwiftPackageProductDependency;
			package = 90B0A1E22B071D7A0001C32F /* XCRemoteSwiftPackageReference "SwiftPersistence" */;
			productName = SwiftPersistence;
		};
/* End XCSwiftPackageProductDependency section */
	};
	rootObject = 90AEEF142AA5718F00E28133 /* Project object */;
}
